PODS:
  - ABMenuTableViewCell (1.0.2)
  - AFNetworking (2.5.3):
    - AFNetworking/NSURLConnection (= 2.5.3)
    - AFNetworking/NSURLSession (= 2.5.3)
    - AFNetworking/Reachability (= 2.5.3)
    - AFNetworking/Security (= 2.5.3)
    - AFNetworking/Serialization (= 2.5.3)
    - AFNetworking/UIKit (= 2.5.3)
  - AFNetworking/NSURLConnection (2.5.3):
    - AFNetworking/Reachability
    - AFNetworking/Security
    - AFNetworking/Serialization
  - AFNetworking/NSURLSession (2.5.3):
    - AFNetworking/Reachability
    - AFNetworking/Security
    - AFNetworking/Serialization
  - AFNetworking/Reachability (2.5.3)
  - AFNetworking/Security (2.5.3)
  - AFNetworking/Serialization (2.5.3)
  - AFNetworking/UIKit (2.5.3):
    - AFNetworking/NSURLConnection
    - AFNetworking/NSURLSession
  - APAddressBook (0.1.5):
    - APAddressBook/Core (= 0.1.5)
  - APAddressBook/Core (0.1.5)
  - BlocksKit (2.2.5):
    - BlocksKit/All (= 2.2.5)
  - BlocksKit/All (2.2.5):
    - BlocksKit/Core
    - BlocksKit/DynamicDelegate
    - BlocksKit/MessageUI
    - BlocksKit/UIKit
  - BlocksKit/Core (2.2.5)
  - BlocksKit/DynamicDelegate (2.2.5)
  - BlocksKit/MessageUI (2.2.5):
    - BlocksKit/Core
    - BlocksKit/DynamicDelegate
  - BlocksKit/UIKit (2.2.5):
    - BlocksKit/Core
    - BlocksKit/DynamicDelegate
  - DFImageManager (0.3.1):
    - DFImageManager/AssetsLibrary (= 0.3.1)
    - DFImageManager/Core (= 0.3.1)
    - DFImageManager/NSURLSession (= 0.3.1)
    - DFImageManager/PhotosKit (= 0.3.1)
    - DFImageManager/UI (= 0.3.1)
  - DFImageManager/AssetsLibrary (0.3.1):
    - DFImageManager/Core
  - DFImageManager/Core (0.3.1)
  - DFImageManager/NSURLSession (0.3.1):
    - DFImageManager/Core
  - DFImageManager/PhotosKit (0.3.1):
    - DFImageManager/Core
  - DFImageManager/UI (0.3.1):
    - DFImageManager/Core
  - DLRadioButton (1.1.1)
  - FMDB (2.5):
    - FMDB/standard (= 2.5)
  - FMDB/common (2.5)
  - FMDB/standard (2.5):
    - FMDB/common
  - INTULocationManager (3.0.1)
  - IQDropDownTextField (1.0.4.1)
  - IQKeyboardManager (3.2.2)
  - IQLabelView (0.1.5)
  - KBContactsSelection (1.2.3):
    - APAddressBook (~> 0.1)
  - KLCPopup (1.0)
  - L360Confetti (1.1.1)
  - MTLog (0.6.1)
  - NVDate (0.0.2)
  - SQPersist (1.0.3):
    - FMDB (~> 2.4)
  - TOWebViewController (2.0.14)
  - UINavigationItem+Loading (1.1)
  - WPAttributedMarkup (1.0.0)

DEPENDENCIES:
  - ABMenuTableViewCell (~> 1.0.2)
  - AFNetworking (~> 2.5.3)
  - BlocksKit (~> 2.2.5)
  - DFImageManager (~> 0.3.1)
  - DLRadioButton (~> 1.1.1)
  - INTULocationManager (~> 3.0.1)
  - IQDropDownTextField (~> 1.0.4.1)
  - IQKeyboardManager (~> 3.2.2)
  - IQLabelView (~> 0.1.5)
  - KBContactsSelection (~> 1.2.3)
  - KLCPopup (~> 1.0)
  - L360Confetti (from `https://github.com/life360/confetti.git`)
  - MTLog
  - NVDate (~> 0.0.2)
  - SQPersist (~> 1.0.3)
  - TOWebViewController (from `https://github.com/TimOliver/TOWebViewController.git`)
  - UINavigationItem+Loading (~> 1.1)
  - WPAttributedMarkup (~> 1.0.0)

EXTERNAL SOURCES:
  L360Confetti:
    :git: https://github.com/life360/confetti.git
  TOWebViewController:
    :git: https://github.com/TimOliver/TOWebViewController.git

CHECKOUT OPTIONS:
  L360Confetti:
    :commit: f34d6da6a2292de1dd99f48178d4b96b594624b5
    :git: https://github.com/life360/confetti.git
  TOWebViewController:
    :commit: 9c598e56d76e6f9e13db39659b75c2caf55e2fb9
    :git: https://github.com/TimOliver/TOWebViewController.git

SPEC CHECKSUMS:
  ABMenuTableViewCell: 9ae466fd77d467ae46963c60ad592d8af7637693
  AFNetworking: e1d86c2a96bb5d2e7408da36149806706ee122fe
  APAddressBook: c72fec93464d57f39966ce28c107c10253fa7d39
  BlocksKit: 7f422b971407001178d181a43b99014ea2591fe6
  DFImageManager: 2ee9701b09a96e7ab4d94f3ca1a6708027587473
  DLRadioButton: 1aad82f913b621432d51f8d5f4139265c39d202d
  FMDB: 96e8f1bcc1329e269330f99770ad4285d9003e52
  INTULocationManager: c27483113e1bbc5952ead6417f9b39824a240ebb
  IQDropDownTextField: 4e6fc6dbfd46a922fbc3fb76ac855d05ccfdc962
  IQKeyboardManager: 99df8006864663a4126a77b9a2f7ea70077eff31
  IQLabelView: 469f32c40f82e391c84b65d321d996cc4b51b6f7
  KBContactsSelection: 575a3abea841a05732157a84f77f7b0556e41e7a
  KLCPopup: 76c5a19227977f1e53d85236f9ef42257c168d98
  L360Confetti: 57ac02ba415ce3723dd04d11a57880d30783e87a
  MTLog: a1cb28f66e65172849918a356883558ff176d19c
  NVDate: 1656c43f183b7cbdede2dde59e8fbd4083bade4c
  SQPersist: 9c176f532d159cc3a0777a6e885d9cd9e2731c01
  TOWebViewController: 2cfd0032d781cabd88a0995fbca9692c11f0797e
  UINavigationItem+Loading: e61d7963495d8a19b6d3825d867ed60db9b218b6
  WPAttributedMarkup: eb50878af4ec647d8d2090f721a5cfe7d29c27fe

COCOAPODS: 0.36.3
