// !$*UTF8*$!
{
	archiveVersion = 1;
	classes = {
	};
	objectVersion = 46;
	objects = {

/* Begin PBXBuildFile section */
		51F7256CF5BCCDDE65F0B7A3 /* libPods.a in Frameworks */ = {isa = PBXBuildFile; fileRef = 034C8E0CA2AE1154406CE5A5 /* libPods.a */; };
		7804E4731AD1C94C00A611C2 /* UIHelper.m in Sources */ = {isa = PBXBuildFile; fileRef = 7804E4721AD1C94C00A611C2 /* UIHelper.m */; };
		780BFCB71AC87F7B009E4DC9 /* main.m in Sources */ = {isa = PBXBuildFile; fileRef = 780BFCB61AC87F7B009E4DC9 /* main.m */; };
		780BFCBA1AC87F7B009E4DC9 /* AppDelegate.m in Sources */ = {isa = PBXBuildFile; fileRef = 780BFCB91AC87F7B009E4DC9 /* AppDelegate.m */; };
		780BFCC21AC87F7B009E4DC9 /* Images.xcassets in Resources */ = {isa = PBXBuildFile; fileRef = 780BFCC11AC87F7B009E4DC9 /* Images.xcassets */; };
		780BFCC51AC87F7B009E4DC9 /* LaunchScreen.xib in Resources */ = {isa = PBXBuildFile; fileRef = 780BFCC31AC87F7B009E4DC9 /* LaunchScreen.xib */; };
		780BFCD11AC87F7B009E4DC9 /* FameAppTests.m in Sources */ = {isa = PBXBuildFile; fileRef = 780BFCD01AC87F7B009E4DC9 /* FameAppTests.m */; };
		78104EB11B052CA2005F2E27 /* GHWalkThroughPageCell.m in Sources */ = {isa = PBXBuildFile; fileRef = 78104EAE1B052CA2005F2E27 /* GHWalkThroughPageCell.m */; };
		78104EB21B052CA2005F2E27 /* GHWalkThroughView.m in Sources */ = {isa = PBXBuildFile; fileRef = 78104EB01B052CA2005F2E27 /* GHWalkThroughView.m */; };
		78104EB61B052D15005F2E27 /* Tutorial_ViewController.m in Sources */ = {isa = PBXBuildFile; fileRef = 78104EB51B052D15005F2E27 /* Tutorial_ViewController.m */; };
		781074D01ADD37A700B02F4A /* Options_TableViewController.m in Sources */ = {isa = PBXBuildFile; fileRef = 781074CF1ADD37A700B02F4A /* Options_TableViewController.m */; };
		7812F7891B06524800F34B01 /* UIView+MaterialDesign.m in Sources */ = {isa = PBXBuildFile; fileRef = 7812F7881B06524800F34B01 /* UIView+MaterialDesign.m */; };
		78165D611AFD12A2000A910B /* CustomSegueHelper_Modal.m in Sources */ = {isa = PBXBuildFile; fileRef = 78165D601AFD12A2000A910B /* CustomSegueHelper_Modal.m */; };
		781870131AD013C100988275 /* YCameraViewController.xib in Resources */ = {isa = PBXBuildFile; fileRef = 781870121AD013C100988275 /* YCameraViewController.xib */; };
		783AD1181ADDCCDA00D7DC1B /* Password_ViewController.m in Sources */ = {isa = PBXBuildFile; fileRef = 783AD1171ADDCCDA00D7DC1B /* Password_ViewController.m */; };
		783AD11C1ADDD53200D7DC1B /* Email_ViewController.m in Sources */ = {isa = PBXBuildFile; fileRef = 783AD11B1ADDD53200D7DC1B /* Email_ViewController.m */; };
		784BC5601AFAB84B007A847F /* AppAPI_Post_Modal.m in Sources */ = {isa = PBXBuildFile; fileRef = 784BC55F1AFAB84B007A847F /* AppAPI_Post_Modal.m */; };
		785300BF1B03C37E000F56E2 /* PlaceholderImageHelper.m in Sources */ = {isa = PBXBuildFile; fileRef = 785300BE1B03C37E000F56E2 /* PlaceholderImageHelper.m */; };
		785E28511AD3F06200A8EBEB /* Profile_TableViewController.m in Sources */ = {isa = PBXBuildFile; fileRef = 785E28501AD3F06200A8EBEB /* Profile_TableViewController.m */; };
		786427071AFE13C300569EDD /* AppAPI_Channel_Modal.m in Sources */ = {isa = PBXBuildFile; fileRef = 786427061AFE13C300569EDD /* AppAPI_Channel_Modal.m */; };
		7864270B1AFE1BEE00569EDD /* BiddingAndBonusInfo.m in Sources */ = {isa = PBXBuildFile; fileRef = 7864270A1AFE1BEE00569EDD /* BiddingAndBonusInfo.m */; };
		7864270F1AFE635900569EDD /* AppAPI_Report_Modal.m in Sources */ = {isa = PBXBuildFile; fileRef = 7864270E1AFE635900569EDD /* AppAPI_Report_Modal.m */; };
		7865341A1AF0024800459A57 /* Post_ViewController.m in Sources */ = {isa = PBXBuildFile; fileRef = 786534191AF0024800459A57 /* Post_ViewController.m */; };
		78674CA41AD0024900EE2956 /* AVFoundation.framework in Frameworks */ = {isa = PBXBuildFile; fileRef = 78674CA31AD0024900EE2956 /* AVFoundation.framework */; };
		78674CA61AD0025900EE2956 /* ImageIO.framework in Frameworks */ = {isa = PBXBuildFile; fileRef = 78674CA51AD0025900EE2956 /* ImageIO.framework */; };
		78674CA81AD0026600EE2956 /* CoreMotion.framework in Frameworks */ = {isa = PBXBuildFile; fileRef = 78674CA71AD0026600EE2956 /* CoreMotion.framework */; };
		78674CC81AD0031B00EE2956 /* flash-auto.png in Resources */ = {isa = PBXBuildFile; fileRef = 78674CAF1AD0031B00EE2956 /* flash-auto.png */; };
		78674CC91AD0031B00EE2956 /* flash-auto@2x.png in Resources */ = {isa = PBXBuildFile; fileRef = 78674CB01AD0031B00EE2956 /* flash-auto@2x.png */; };
		78674CCA1AD0031B00EE2956 /* flash-off.png in Resources */ = {isa = PBXBuildFile; fileRef = 78674CB11AD0031B00EE2956 /* flash-off.png */; };
		78674CCB1AD0031B00EE2956 /* flash-off@2x.png in Resources */ = {isa = PBXBuildFile; fileRef = 78674CB21AD0031B00EE2956 /* flash-off@2x.png */; };
		78674CCC1AD0031B00EE2956 /* flash.png in Resources */ = {isa = PBXBuildFile; fileRef = 78674CB31AD0031B00EE2956 /* flash.png */; };
		78674CCD1AD0031B00EE2956 /* flash@2x.png in Resources */ = {isa = PBXBuildFile; fileRef = 78674CB41AD0031B00EE2956 /* flash@2x.png */; };
		78674CCE1AD0031B00EE2956 /* focus-crosshair.png in Resources */ = {isa = PBXBuildFile; fileRef = 78674CB51AD0031B00EE2956 /* focus-crosshair.png */; };
		78674CCF1AD0031B00EE2956 /* focus-crosshair@2x.png in Resources */ = {isa = PBXBuildFile; fileRef = 78674CB61AD0031B00EE2956 /* focus-crosshair@2x.png */; };
		78674CD01AD0031B00EE2956 /* front-camera.png in Resources */ = {isa = PBXBuildFile; fileRef = 78674CB71AD0031B00EE2956 /* front-camera.png */; };
		78674CD11AD0031B00EE2956 /* front-camera@2x.png in Resources */ = {isa = PBXBuildFile; fileRef = 78674CB81AD0031B00EE2956 /* front-camera@2x.png */; };
		78674CD21AD0031B00EE2956 /* grid-icon.png in Resources */ = {isa = PBXBuildFile; fileRef = 78674CB91AD0031B00EE2956 /* grid-icon.png */; };
		78674CD31AD0031B00EE2956 /* grid-icon@2x.png in Resources */ = {isa = PBXBuildFile; fileRef = 78674CBA1AD0031B00EE2956 /* grid-icon@2x.png */; };
		78674CD41AD0031B00EE2956 /* grid.png in Resources */ = {isa = PBXBuildFile; fileRef = 78674CBB1AD0031B00EE2956 /* grid.png */; };
		78674CD51AD0031B00EE2956 /* grid@2x.png in Resources */ = {isa = PBXBuildFile; fileRef = 78674CBC1AD0031B00EE2956 /* grid@2x.png */; };
		78674CD61AD0031B00EE2956 /* library.png in Resources */ = {isa = PBXBuildFile; fileRef = 78674CBD1AD0031B00EE2956 /* library.png */; };
		78674CD71AD0031B00EE2956 /* library@2x.png in Resources */ = {isa = PBXBuildFile; fileRef = 78674CBE1AD0031B00EE2956 /* library@2x.png */; };
		78674CD81AD0031B00EE2956 /* micro_carbon.png in Resources */ = {isa = PBXBuildFile; fileRef = 78674CBF1AD0031B00EE2956 /* micro_carbon.png */; };
		78674CD91AD0031B00EE2956 /* micro_carbon@2x.png in Resources */ = {isa = PBXBuildFile; fileRef = 78674CC01AD0031B00EE2956 /* micro_carbon@2x.png */; };
		78674CDA1AD0031B00EE2956 /* take-snap.png in Resources */ = {isa = PBXBuildFile; fileRef = 78674CC11AD0031B00EE2956 /* take-snap.png */; };
		78674CDB1AD0031B00EE2956 /* take-snap@2x.png in Resources */ = {isa = PBXBuildFile; fileRef = 78674CC21AD0031B00EE2956 /* take-snap@2x.png */; };
		78674CDC1AD0031B00EE2956 /* YCameraViewController.m in Sources */ = {isa = PBXBuildFile; fileRef = 78674CC41AD0031B00EE2956 /* YCameraViewController.m */; };
		786CF17D1B01071400E77105 /* DKQueue.m in Sources */ = {isa = PBXBuildFile; fileRef = 786CF1791B01071400E77105 /* DKQueue.m */; };
		786CF17E1B01071400E77105 /* DKStack.m in Sources */ = {isa = PBXBuildFile; fileRef = 786CF17B1B01071400E77105 /* DKStack.m */; };
		7873AB0F1AFB9CE600C57ACD /* AppAPI_Invite_Modal.m in Sources */ = {isa = PBXBuildFile; fileRef = 7873AB0E1AFB9CE600C57ACD /* AppAPI_Invite_Modal.m */; };
		787C1A8F1ACDD1A70072EF03 /* ContentEdit_ViewController.m in Sources */ = {isa = PBXBuildFile; fileRef = 787C1A8E1ACDD1A70072EF03 /* ContentEdit_ViewController.m */; };
		787C1A921ACDD1D50072EF03 /* Main_ViewController.m in Sources */ = {isa = PBXBuildFile; fileRef = 787C1A911ACDD1D50072EF03 /* Main_ViewController.m */; };
		787C6DCA1AFFB72C0033066A /* URLHelper.m in Sources */ = {isa = PBXBuildFile; fileRef = 787C6DC91AFFB72C0033066A /* URLHelper.m */; };
		787E00F91AD719CA000139E2 /* ImageStorageHelper.m in Sources */ = {isa = PBXBuildFile; fileRef = 787E00F81AD719CA000139E2 /* ImageStorageHelper.m */; };
		787E00FD1AD72A58000139E2 /* DataStorageHelper.m in Sources */ = {isa = PBXBuildFile; fileRef = 787E00FC1AD72A58000139E2 /* DataStorageHelper.m */; };
		787E01061AD7550F000139E2 /* libsqlite3.dylib in Frameworks */ = {isa = PBXBuildFile; fileRef = 787E01051AD7550F000139E2 /* libsqlite3.dylib */; };
		788110941ACF6C8600F13E47 /* Main.storyboard in Resources */ = {isa = PBXBuildFile; fileRef = 788110921ACF6C8600F13E47 /* Main.storyboard */; };
		788640481AF70521002342AD /* AppAPI_Options_Modal.m in Sources */ = {isa = PBXBuildFile; fileRef = 788640471AF70521002342AD /* AppAPI_Options_Modal.m */; };
		7887E7DF1ADB34E80088109C /* PostHistory.m in Sources */ = {isa = PBXBuildFile; fileRef = 7887E7DD1ADB34E80088109C /* PostHistory.m */; };
		7887E7E01ADB34E80088109C /* UserInfo.m in Sources */ = {isa = PBXBuildFile; fileRef = 7887E7DE1ADB34E80088109C /* UserInfo.m */; };
		789244DF1AEAB02D0071445C /* AppAPI_User_Modal.m in Sources */ = {isa = PBXBuildFile; fileRef = 789244DE1AEAB02D0071445C /* AppAPI_User_Modal.m */; };
		78A452FC1AF693F0008DD84C /* GraphView.m in Sources */ = {isa = PBXBuildFile; fileRef = 78A452FA1AF693F0008DD84C /* GraphView.m */; };
		78BB90151AED25B00037FB00 /* Invite_ViewController.m in Sources */ = {isa = PBXBuildFile; fileRef = 78BB90141AED25B00037FB00 /* Invite_ViewController.m */; };
		78D436F51AD81DC800B9D05A /* KKProgressTimer.m in Sources */ = {isa = PBXBuildFile; fileRef = 78D436F41AD81DC800B9D05A /* KKProgressTimer.m */; };
		78DB087E1ADC169100AA60FD /* FormattingHelper.m in Sources */ = {isa = PBXBuildFile; fileRef = 78DB087D1ADC169100AA60FD /* FormattingHelper.m */; };
		78DE09101ADF25F300E745FB /* MessageUI.framework in Frameworks */ = {isa = PBXBuildFile; fileRef = 78DE090F1ADF25F300E745FB /* MessageUI.framework */; };
		78E0A38C1ACDD28000FD5CB0 /* Colors_Modal.m in Sources */ = {isa = PBXBuildFile; fileRef = 78E0A38B1ACDD28000FD5CB0 /* Colors_Modal.m */; };
		78E0A38F1ACDD29200FD5CB0 /* DeviceTypeHelper.m in Sources */ = {isa = PBXBuildFile; fileRef = 78E0A38E1ACDD29200FD5CB0 /* DeviceTypeHelper.m */; };
		78E1CE1C1AE4028800CF01A1 /* SignUp_ViewController.m in Sources */ = {isa = PBXBuildFile; fileRef = 78E1CE1B1AE4028800CF01A1 /* SignUp_ViewController.m */; };
		78E1CE1F1AE44F2400CF01A1 /* PreLogin_ViewController.m in Sources */ = {isa = PBXBuildFile; fileRef = 78E1CE1E1AE44F2400CF01A1 /* PreLogin_ViewController.m */; };
		78E1CE231AE4572B00CF01A1 /* Login_ViewController.m in Sources */ = {isa = PBXBuildFile; fileRef = 78E1CE221AE4572B00CF01A1 /* Login_ViewController.m */; };
		78EBD94A1AF9861E007BFDCD /* AppAPI_Profile_Modal.m in Sources */ = {isa = PBXBuildFile; fileRef = 78EBD9491AF9861E007BFDCD /* AppAPI_Profile_Modal.m */; };
		78FFF4801AF24E6200E8C61D /* ZCSlotMachine.m in Sources */ = {isa = PBXBuildFile; fileRef = 78FFF47E1AF24E6200E8C61D /* ZCSlotMachine.m */; };
		78FFF4891AF2C34B00E8C61D /* AppAPI_GeneralInfo_Modal.m in Sources */ = {isa = PBXBuildFile; fileRef = 78FFF4881AF2C34B00E8C61D /* AppAPI_GeneralInfo_Modal.m */; };
		78FFF48D1AF2D16F00E8C61D /* AppVersionHelper.m in Sources */ = {isa = PBXBuildFile; fileRef = 78FFF48C1AF2D16F00E8C61D /* AppVersionHelper.m */; };
		78FFF4911AF2D2AB00E8C61D /* NotificationHelper.m in Sources */ = {isa = PBXBuildFile; fileRef = 78FFF4901AF2D2AB00E8C61D /* NotificationHelper.m */; };
/* End PBXBuildFile section */

/* Begin PBXContainerItemProxy section */
		780BFCCB1AC87F7B009E4DC9 /* PBXContainerItemProxy */ = {
			isa = PBXContainerItemProxy;
			containerPortal = 780BFCA91AC87F7B009E4DC9 /* Project object */;
			proxyType = 1;
			remoteGlobalIDString = 780BFCB01AC87F7B009E4DC9;
			remoteInfo = FameApp;
		};
/* End PBXContainerItemProxy section */

/* Begin PBXFileReference section */
		034C8E0CA2AE1154406CE5A5 /* libPods.a */ = {isa = PBXFileReference; explicitFileType = archive.ar; includeInIndex = 0; path = libPods.a; sourceTree = BUILT_PRODUCTS_DIR; };
		0E78F39EFD7A5D22762E6493 /* Pods.release.xcconfig */ = {isa = PBXFileReference; includeInIndex = 1; lastKnownFileType = text.xcconfig; name = Pods.release.xcconfig; path = "Pods/Target Support Files/Pods/Pods.release.xcconfig"; sourceTree = "<group>"; };
		2BCEA0813C2A4FE1825DD21B /* Pods.debug.xcconfig */ = {isa = PBXFileReference; includeInIndex = 1; lastKnownFileType = text.xcconfig; name = Pods.debug.xcconfig; path = "Pods/Target Support Files/Pods/Pods.debug.xcconfig"; sourceTree = "<group>"; };
		7804E4711AD1C94C00A611C2 /* UIHelper.h */ = {isa = PBXFileReference; fileEncoding = 4; lastKnownFileType = sourcecode.c.h; name = UIHelper.h; path = Modals/UIHelper.h; sourceTree = "<group>"; };
		7804E4721AD1C94C00A611C2 /* UIHelper.m */ = {isa = PBXFileReference; fileEncoding = 4; lastKnownFileType = sourcecode.c.objc; name = UIHelper.m; path = Modals/UIHelper.m; sourceTree = "<group>"; };
		780BFCB11AC87F7B009E4DC9 /* FameApp.app */ = {isa = PBXFileReference; explicitFileType = wrapper.application; includeInIndex = 0; path = FameApp.app; sourceTree = BUILT_PRODUCTS_DIR; };
		780BFCB51AC87F7B009E4DC9 /* Info.plist */ = {isa = PBXFileReference; lastKnownFileType = text.plist.xml; path = Info.plist; sourceTree = "<group>"; };
		780BFCB61AC87F7B009E4DC9 /* main.m */ = {isa = PBXFileReference; lastKnownFileType = sourcecode.c.objc; path = main.m; sourceTree = "<group>"; };
		780BFCB81AC87F7B009E4DC9 /* AppDelegate.h */ = {isa = PBXFileReference; lastKnownFileType = sourcecode.c.h; path = AppDelegate.h; sourceTree = "<group>"; };
		780BFCB91AC87F7B009E4DC9 /* AppDelegate.m */ = {isa = PBXFileReference; lastKnownFileType = sourcecode.c.objc; path = AppDelegate.m; sourceTree = "<group>"; };
		780BFCC11AC87F7B009E4DC9 /* Images.xcassets */ = {isa = PBXFileReference; lastKnownFileType = folder.assetcatalog; path = Images.xcassets; sourceTree = "<group>"; };
		780BFCC41AC87F7B009E4DC9 /* Base */ = {isa = PBXFileReference; lastKnownFileType = file.xib; name = Base; path = Base.lproj/LaunchScreen.xib; sourceTree = "<group>"; };
		780BFCCA1AC87F7B009E4DC9 /* FameAppTests.xctest */ = {isa = PBXFileReference; explicitFileType = wrapper.cfbundle; includeInIndex = 0; path = FameAppTests.xctest; sourceTree = BUILT_PRODUCTS_DIR; };
		780BFCCF1AC87F7B009E4DC9 /* Info.plist */ = {isa = PBXFileReference; lastKnownFileType = text.plist.xml; path = Info.plist; sourceTree = "<group>"; };
		780BFCD01AC87F7B009E4DC9 /* FameAppTests.m */ = {isa = PBXFileReference; lastKnownFileType = sourcecode.c.objc; path = FameAppTests.m; sourceTree = "<group>"; };
		78104EAD1B052CA2005F2E27 /* GHWalkThroughPageCell.h */ = {isa = PBXFileReference; fileEncoding = 4; lastKnownFileType = sourcecode.c.h; path = GHWalkThroughPageCell.h; sourceTree = "<group>"; };
		78104EAE1B052CA2005F2E27 /* GHWalkThroughPageCell.m */ = {isa = PBXFileReference; fileEncoding = 4; lastKnownFileType = sourcecode.c.objc; path = GHWalkThroughPageCell.m; sourceTree = "<group>"; };
		78104EAF1B052CA2005F2E27 /* GHWalkThroughView.h */ = {isa = PBXFileReference; fileEncoding = 4; lastKnownFileType = sourcecode.c.h; path = GHWalkThroughView.h; sourceTree = "<group>"; };
		78104EB01B052CA2005F2E27 /* GHWalkThroughView.m */ = {isa = PBXFileReference; fileEncoding = 4; lastKnownFileType = sourcecode.c.objc; path = GHWalkThroughView.m; sourceTree = "<group>"; };
		78104EB41B052D15005F2E27 /* Tutorial_ViewController.h */ = {isa = PBXFileReference; fileEncoding = 4; lastKnownFileType = sourcecode.c.h; name = Tutorial_ViewController.h; path = ViewControllers/Tutorial_ViewController.h; sourceTree = "<group>"; };
		78104EB51B052D15005F2E27 /* Tutorial_ViewController.m */ = {isa = PBXFileReference; fileEncoding = 4; lastKnownFileType = sourcecode.c.objc; name = Tutorial_ViewController.m; path = ViewControllers/Tutorial_ViewController.m; sourceTree = "<group>"; };
		781074CE1ADD37A700B02F4A /* Options_TableViewController.h */ = {isa = PBXFileReference; fileEncoding = 4; lastKnownFileType = sourcecode.c.h; name = Options_TableViewController.h; path = ViewControllers/Options_TableViewController.h; sourceTree = "<group>"; };
		781074CF1ADD37A700B02F4A /* Options_TableViewController.m */ = {isa = PBXFileReference; fileEncoding = 4; lastKnownFileType = sourcecode.c.objc; name = Options_TableViewController.m; path = ViewControllers/Options_TableViewController.m; sourceTree = "<group>"; };
		7812F7871B06524800F34B01 /* UIView+MaterialDesign.h */ = {isa = PBXFileReference; fileEncoding = 4; lastKnownFileType = sourcecode.c.h; path = "UIView+MaterialDesign.h"; sourceTree = "<group>"; };
		7812F7881B06524800F34B01 /* UIView+MaterialDesign.m */ = {isa = PBXFileReference; fileEncoding = 4; lastKnownFileType = sourcecode.c.objc; path = "UIView+MaterialDesign.m"; sourceTree = "<group>"; };
		78165D5F1AFD12A2000A910B /* CustomSegueHelper_Modal.h */ = {isa = PBXFileReference; fileEncoding = 4; lastKnownFileType = sourcecode.c.h; name = CustomSegueHelper_Modal.h; path = Modals/CustomSegueHelper_Modal.h; sourceTree = "<group>"; };
		78165D601AFD12A2000A910B /* CustomSegueHelper_Modal.m */ = {isa = PBXFileReference; fileEncoding = 4; lastKnownFileType = sourcecode.c.objc; name = CustomSegueHelper_Modal.m; path = Modals/CustomSegueHelper_Modal.m; sourceTree = "<group>"; };
		78165D621AFD182A000A910B /* libPods-BlocksKit.a */ = {isa = PBXFileReference; lastKnownFileType = archive.ar; name = "libPods-BlocksKit.a"; path = "Pods/../build/Debug-iphoneos/libPods-BlocksKit.a"; sourceTree = "<group>"; };
		781870121AD013C100988275 /* YCameraViewController.xib */ = {isa = PBXFileReference; fileEncoding = 4; lastKnownFileType = file.xib; path = YCameraViewController.xib; sourceTree = "<group>"; };
		783AD1161ADDCCDA00D7DC1B /* Password_ViewController.h */ = {isa = PBXFileReference; fileEncoding = 4; lastKnownFileType = sourcecode.c.h; name = Password_ViewController.h; path = ViewControllers/Password_ViewController.h; sourceTree = "<group>"; };
		783AD1171ADDCCDA00D7DC1B /* Password_ViewController.m */ = {isa = PBXFileReference; fileEncoding = 4; lastKnownFileType = sourcecode.c.objc; name = Password_ViewController.m; path = ViewControllers/Password_ViewController.m; sourceTree = "<group>"; };
		783AD11A1ADDD53200D7DC1B /* Email_ViewController.h */ = {isa = PBXFileReference; fileEncoding = 4; lastKnownFileType = sourcecode.c.h; name = Email_ViewController.h; path = ViewControllers/Email_ViewController.h; sourceTree = "<group>"; };
		783AD11B1ADDD53200D7DC1B /* Email_ViewController.m */ = {isa = PBXFileReference; fileEncoding = 4; lastKnownFileType = sourcecode.c.objc; name = Email_ViewController.m; path = ViewControllers/Email_ViewController.m; sourceTree = "<group>"; };
		784BC55E1AFAB84B007A847F /* AppAPI_Post_Modal.h */ = {isa = PBXFileReference; fileEncoding = 4; lastKnownFileType = sourcecode.c.h; name = AppAPI_Post_Modal.h; path = Modals/AppAPI_Post_Modal.h; sourceTree = "<group>"; };
		784BC55F1AFAB84B007A847F /* AppAPI_Post_Modal.m */ = {isa = PBXFileReference; fileEncoding = 4; lastKnownFileType = sourcecode.c.objc; name = AppAPI_Post_Modal.m; path = Modals/AppAPI_Post_Modal.m; sourceTree = "<group>"; };
		785300BD1B03C37E000F56E2 /* PlaceholderImageHelper.h */ = {isa = PBXFileReference; fileEncoding = 4; lastKnownFileType = sourcecode.c.h; name = PlaceholderImageHelper.h; path = Modals/PlaceholderImageHelper.h; sourceTree = "<group>"; };
		785300BE1B03C37E000F56E2 /* PlaceholderImageHelper.m */ = {isa = PBXFileReference; fileEncoding = 4; lastKnownFileType = sourcecode.c.objc; name = PlaceholderImageHelper.m; path = Modals/PlaceholderImageHelper.m; sourceTree = "<group>"; };
		785E284F1AD3F06200A8EBEB /* Profile_TableViewController.h */ = {isa = PBXFileReference; fileEncoding = 4; lastKnownFileType = sourcecode.c.h; name = Profile_TableViewController.h; path = ViewControllers/Profile_TableViewController.h; sourceTree = "<group>"; };
		785E28501AD3F06200A8EBEB /* Profile_TableViewController.m */ = {isa = PBXFileReference; fileEncoding = 4; lastKnownFileType = sourcecode.c.objc; name = Profile_TableViewController.m; path = ViewControllers/Profile_TableViewController.m; sourceTree = "<group>"; };
		786427051AFE13C300569EDD /* AppAPI_Channel_Modal.h */ = {isa = PBXFileReference; fileEncoding = 4; lastKnownFileType = sourcecode.c.h; name = AppAPI_Channel_Modal.h; path = Modals/AppAPI_Channel_Modal.h; sourceTree = "<group>"; };
		786427061AFE13C300569EDD /* AppAPI_Channel_Modal.m */ = {isa = PBXFileReference; fileEncoding = 4; lastKnownFileType = sourcecode.c.objc; name = AppAPI_Channel_Modal.m; path = Modals/AppAPI_Channel_Modal.m; sourceTree = "<group>"; };
		786427091AFE1BEE00569EDD /* BiddingAndBonusInfo.h */ = {isa = PBXFileReference; fileEncoding = 4; lastKnownFileType = sourcecode.c.h; name = BiddingAndBonusInfo.h; path = Modals/BiddingAndBonusInfo.h; sourceTree = "<group>"; };
		7864270A1AFE1BEE00569EDD /* BiddingAndBonusInfo.m */ = {isa = PBXFileReference; fileEncoding = 4; lastKnownFileType = sourcecode.c.objc; name = BiddingAndBonusInfo.m; path = Modals/BiddingAndBonusInfo.m; sourceTree = "<group>"; };
		7864270D1AFE635900569EDD /* AppAPI_Report_Modal.h */ = {isa = PBXFileReference; fileEncoding = 4; lastKnownFileType = sourcecode.c.h; name = AppAPI_Report_Modal.h; path = Modals/AppAPI_Report_Modal.h; sourceTree = "<group>"; };
		7864270E1AFE635900569EDD /* AppAPI_Report_Modal.m */ = {isa = PBXFileReference; fileEncoding = 4; lastKnownFileType = sourcecode.c.objc; name = AppAPI_Report_Modal.m; path = Modals/AppAPI_Report_Modal.m; sourceTree = "<group>"; };
		786534181AF0024800459A57 /* Post_ViewController.h */ = {isa = PBXFileReference; fileEncoding = 4; lastKnownFileType = sourcecode.c.h; name = Post_ViewController.h; path = ViewControllers/Post_ViewController.h; sourceTree = "<group>"; };
		786534191AF0024800459A57 /* Post_ViewController.m */ = {isa = PBXFileReference; fileEncoding = 4; lastKnownFileType = sourcecode.c.objc; name = Post_ViewController.m; path = ViewControllers/Post_ViewController.m; sourceTree = "<group>"; };
		78674CA31AD0024900EE2956 /* AVFoundation.framework */ = {isa = PBXFileReference; lastKnownFileType = wrapper.framework; name = AVFoundation.framework; path = System/Library/Frameworks/AVFoundation.framework; sourceTree = SDKROOT; };
		78674CA51AD0025900EE2956 /* ImageIO.framework */ = {isa = PBXFileReference; lastKnownFileType = wrapper.framework; name = ImageIO.framework; path = System/Library/Frameworks/ImageIO.framework; sourceTree = SDKROOT; };
		78674CA71AD0026600EE2956 /* CoreMotion.framework */ = {isa = PBXFileReference; lastKnownFileType = wrapper.framework; name = CoreMotion.framework; path = System/Library/Frameworks/CoreMotion.framework; sourceTree = SDKROOT; };
		78674CAB1AD0031B00EE2956 /* LICENSE */ = {isa = PBXFileReference; fileEncoding = 4; lastKnownFileType = text; path = LICENSE; sourceTree = "<group>"; };
		78674CAC1AD0031B00EE2956 /* README.md */ = {isa = PBXFileReference; fileEncoding = 4; lastKnownFileType = net.daringfireball.markdown; path = README.md; sourceTree = "<group>"; };
		78674CAF1AD0031B00EE2956 /* flash-auto.png */ = {isa = PBXFileReference; lastKnownFileType = image.png; path = "flash-auto.png"; sourceTree = "<group>"; };
		78674CB01AD0031B00EE2956 /* flash-auto@2x.png */ = {isa = PBXFileReference; lastKnownFileType = image.png; path = "flash-auto@2x.png"; sourceTree = "<group>"; };
		78674CB11AD0031B00EE2956 /* flash-off.png */ = {isa = PBXFileReference; lastKnownFileType = image.png; path = "flash-off.png"; sourceTree = "<group>"; };
		78674CB21AD0031B00EE2956 /* flash-off@2x.png */ = {isa = PBXFileReference; lastKnownFileType = image.png; path = "flash-off@2x.png"; sourceTree = "<group>"; };
		78674CB31AD0031B00EE2956 /* flash.png */ = {isa = PBXFileReference; lastKnownFileType = image.png; path = flash.png; sourceTree = "<group>"; };
		78674CB41AD0031B00EE2956 /* flash@2x.png */ = {isa = PBXFileReference; lastKnownFileType = image.png; path = "flash@2x.png"; sourceTree = "<group>"; };
		78674CB51AD0031B00EE2956 /* focus-crosshair.png */ = {isa = PBXFileReference; lastKnownFileType = image.png; path = "focus-crosshair.png"; sourceTree = "<group>"; };
		78674CB61AD0031B00EE2956 /* focus-crosshair@2x.png */ = {isa = PBXFileReference; lastKnownFileType = image.png; path = "focus-crosshair@2x.png"; sourceTree = "<group>"; };
		78674CB71AD0031B00EE2956 /* front-camera.png */ = {isa = PBXFileReference; lastKnownFileType = image.png; path = "front-camera.png"; sourceTree = "<group>"; };
		78674CB81AD0031B00EE2956 /* front-camera@2x.png */ = {isa = PBXFileReference; lastKnownFileType = image.png; path = "front-camera@2x.png"; sourceTree = "<group>"; };
		78674CB91AD0031B00EE2956 /* grid-icon.png */ = {isa = PBXFileReference; lastKnownFileType = image.png; path = "grid-icon.png"; sourceTree = "<group>"; };
		78674CBA1AD0031B00EE2956 /* grid-icon@2x.png */ = {isa = PBXFileReference; lastKnownFileType = image.png; path = "grid-icon@2x.png"; sourceTree = "<group>"; };
		78674CBB1AD0031B00EE2956 /* grid.png */ = {isa = PBXFileReference; lastKnownFileType = image.png; path = grid.png; sourceTree = "<group>"; };
		78674CBC1AD0031B00EE2956 /* grid@2x.png */ = {isa = PBXFileReference; lastKnownFileType = image.png; path = "grid@2x.png"; sourceTree = "<group>"; };
		78674CBD1AD0031B00EE2956 /* library.png */ = {isa = PBXFileReference; lastKnownFileType = image.png; path = library.png; sourceTree = "<group>"; };
		78674CBE1AD0031B00EE2956 /* library@2x.png */ = {isa = PBXFileReference; lastKnownFileType = image.png; path = "library@2x.png"; sourceTree = "<group>"; };
		78674CBF1AD0031B00EE2956 /* micro_carbon.png */ = {isa = PBXFileReference; lastKnownFileType = image.png; path = micro_carbon.png; sourceTree = "<group>"; };
		78674CC01AD0031B00EE2956 /* micro_carbon@2x.png */ = {isa = PBXFileReference; lastKnownFileType = image.png; path = "micro_carbon@2x.png"; sourceTree = "<group>"; };
		78674CC11AD0031B00EE2956 /* take-snap.png */ = {isa = PBXFileReference; lastKnownFileType = image.png; path = "take-snap.png"; sourceTree = "<group>"; };
		78674CC21AD0031B00EE2956 /* take-snap@2x.png */ = {isa = PBXFileReference; lastKnownFileType = image.png; path = "take-snap@2x.png"; sourceTree = "<group>"; };
		78674CC31AD0031B00EE2956 /* YCameraViewController.h */ = {isa = PBXFileReference; fileEncoding = 4; lastKnownFileType = sourcecode.c.h; path = YCameraViewController.h; sourceTree = "<group>"; };
		78674CC41AD0031B00EE2956 /* YCameraViewController.m */ = {isa = PBXFileReference; fileEncoding = 4; lastKnownFileType = sourcecode.c.objc; path = YCameraViewController.m; sourceTree = "<group>"; };
		786CF1781B01071400E77105 /* DKQueue.h */ = {isa = PBXFileReference; fileEncoding = 4; lastKnownFileType = sourcecode.c.h; path = DKQueue.h; sourceTree = "<group>"; };
		786CF1791B01071400E77105 /* DKQueue.m */ = {isa = PBXFileReference; fileEncoding = 4; lastKnownFileType = sourcecode.c.objc; path = DKQueue.m; sourceTree = "<group>"; };
		786CF17A1B01071400E77105 /* DKStack.h */ = {isa = PBXFileReference; fileEncoding = 4; lastKnownFileType = sourcecode.c.h; path = DKStack.h; sourceTree = "<group>"; };
		786CF17B1B01071400E77105 /* DKStack.m */ = {isa = PBXFileReference; fileEncoding = 4; lastKnownFileType = sourcecode.c.objc; path = DKStack.m; sourceTree = "<group>"; };
		786CF17C1B01071400E77105 /* README.md */ = {isa = PBXFileReference; fileEncoding = 4; lastKnownFileType = net.daringfireball.markdown; path = README.md; sourceTree = "<group>"; };
		7873AB0A1AFB965C00C57ACD /* README.md */ = {isa = PBXFileReference; fileEncoding = 4; lastKnownFileType = net.daringfireball.markdown; name = README.md; path = ../README.md; sourceTree = "<group>"; };
		7873AB0D1AFB9CE600C57ACD /* AppAPI_Invite_Modal.h */ = {isa = PBXFileReference; fileEncoding = 4; lastKnownFileType = sourcecode.c.h; name = AppAPI_Invite_Modal.h; path = Modals/AppAPI_Invite_Modal.h; sourceTree = "<group>"; };
		7873AB0E1AFB9CE600C57ACD /* AppAPI_Invite_Modal.m */ = {isa = PBXFileReference; fileEncoding = 4; lastKnownFileType = sourcecode.c.objc; name = AppAPI_Invite_Modal.m; path = Modals/AppAPI_Invite_Modal.m; sourceTree = "<group>"; };
		787C1A8D1ACDD1A70072EF03 /* ContentEdit_ViewController.h */ = {isa = PBXFileReference; fileEncoding = 4; lastKnownFileType = sourcecode.c.h; name = ContentEdit_ViewController.h; path = ViewControllers/ContentEdit_ViewController.h; sourceTree = "<group>"; };
		787C1A8E1ACDD1A70072EF03 /* ContentEdit_ViewController.m */ = {isa = PBXFileReference; fileEncoding = 4; lastKnownFileType = sourcecode.c.objc; name = ContentEdit_ViewController.m; path = ViewControllers/ContentEdit_ViewController.m; sourceTree = "<group>"; };
		787C1A901ACDD1D50072EF03 /* Main_ViewController.h */ = {isa = PBXFileReference; fileEncoding = 4; lastKnownFileType = sourcecode.c.h; name = Main_ViewController.h; path = ViewControllers/Main_ViewController.h; sourceTree = "<group>"; };
		787C1A911ACDD1D50072EF03 /* Main_ViewController.m */ = {isa = PBXFileReference; fileEncoding = 4; lastKnownFileType = sourcecode.c.objc; name = Main_ViewController.m; path = ViewControllers/Main_ViewController.m; sourceTree = "<group>"; };
		787C6DC81AFFB72C0033066A /* URLHelper.h */ = {isa = PBXFileReference; fileEncoding = 4; lastKnownFileType = sourcecode.c.h; name = URLHelper.h; path = Modals/URLHelper.h; sourceTree = "<group>"; };
		787C6DC91AFFB72C0033066A /* URLHelper.m */ = {isa = PBXFileReference; fileEncoding = 4; lastKnownFileType = sourcecode.c.objc; name = URLHelper.m; path = Modals/URLHelper.m; sourceTree = "<group>"; };
		787E00F71AD719CA000139E2 /* ImageStorageHelper.h */ = {isa = PBXFileReference; fileEncoding = 4; lastKnownFileType = sourcecode.c.h; name = ImageStorageHelper.h; path = Modals/ImageStorageHelper.h; sourceTree = "<group>"; };
		787E00F81AD719CA000139E2 /* ImageStorageHelper.m */ = {isa = PBXFileReference; fileEncoding = 4; lastKnownFileType = sourcecode.c.objc; name = ImageStorageHelper.m; path = Modals/ImageStorageHelper.m; sourceTree = "<group>"; };
		787E00FB1AD72A58000139E2 /* DataStorageHelper.h */ = {isa = PBXFileReference; fileEncoding = 4; lastKnownFileType = sourcecode.c.h; name = DataStorageHelper.h; path = Modals/DataStorageHelper.h; sourceTree = "<group>"; };
		787E00FC1AD72A58000139E2 /* DataStorageHelper.m */ = {isa = PBXFileReference; fileEncoding = 4; lastKnownFileType = sourcecode.c.objc; name = DataStorageHelper.m; path = Modals/DataStorageHelper.m; sourceTree = "<group>"; };
		787E01051AD7550F000139E2 /* libsqlite3.dylib */ = {isa = PBXFileReference; lastKnownFileType = "compiled.mach-o.dylib"; name = libsqlite3.dylib; path = usr/lib/libsqlite3.dylib; sourceTree = SDKROOT; };
		788110931ACF6C8600F13E47 /* Base */ = {isa = PBXFileReference; lastKnownFileType = file.storyboard; name = Base; path = Base.lproj/Main.storyboard; sourceTree = "<group>"; };
		788640461AF70521002342AD /* AppAPI_Options_Modal.h */ = {isa = PBXFileReference; fileEncoding = 4; lastKnownFileType = sourcecode.c.h; name = AppAPI_Options_Modal.h; path = Modals/AppAPI_Options_Modal.h; sourceTree = "<group>"; };
		788640471AF70521002342AD /* AppAPI_Options_Modal.m */ = {isa = PBXFileReference; fileEncoding = 4; lastKnownFileType = sourcecode.c.objc; name = AppAPI_Options_Modal.m; path = Modals/AppAPI_Options_Modal.m; sourceTree = "<group>"; };
		7887E7D71ADB2BEF0088109C /* UserInfo.h */ = {isa = PBXFileReference; fileEncoding = 4; lastKnownFileType = sourcecode.c.h; name = UserInfo.h; path = Modals/UserInfo.h; sourceTree = "<group>"; };
		7887E7DA1ADB340B0088109C /* PostHistory.h */ = {isa = PBXFileReference; fileEncoding = 4; lastKnownFileType = sourcecode.c.h; name = PostHistory.h; path = Modals/PostHistory.h; sourceTree = "<group>"; };
		7887E7DD1ADB34E80088109C /* PostHistory.m */ = {isa = PBXFileReference; fileEncoding = 4; lastKnownFileType = sourcecode.c.objc; name = PostHistory.m; path = Modals/PostHistory.m; sourceTree = "<group>"; };
		7887E7DE1ADB34E80088109C /* UserInfo.m */ = {isa = PBXFileReference; fileEncoding = 4; lastKnownFileType = sourcecode.c.objc; name = UserInfo.m; path = Modals/UserInfo.m; sourceTree = "<group>"; };
		789244DD1AEAB02D0071445C /* AppAPI_User_Modal.h */ = {isa = PBXFileReference; fileEncoding = 4; lastKnownFileType = sourcecode.c.h; name = AppAPI_User_Modal.h; path = Modals/AppAPI_User_Modal.h; sourceTree = "<group>"; };
		789244DE1AEAB02D0071445C /* AppAPI_User_Modal.m */ = {isa = PBXFileReference; fileEncoding = 4; lastKnownFileType = sourcecode.c.objc; name = AppAPI_User_Modal.m; path = Modals/AppAPI_User_Modal.m; sourceTree = "<group>"; };
		78A452F91AF693F0008DD84C /* GraphView.h */ = {isa = PBXFileReference; fileEncoding = 4; lastKnownFileType = sourcecode.c.h; path = GraphView.h; sourceTree = "<group>"; };
		78A452FA1AF693F0008DD84C /* GraphView.m */ = {isa = PBXFileReference; fileEncoding = 4; lastKnownFileType = sourcecode.c.objc; path = GraphView.m; sourceTree = "<group>"; };
		78A452FB1AF693F0008DD84C /* LICENSE.md */ = {isa = PBXFileReference; fileEncoding = 4; lastKnownFileType = net.daringfireball.markdown; path = LICENSE.md; sourceTree = "<group>"; };
		78BB90131AED25B00037FB00 /* Invite_ViewController.h */ = {isa = PBXFileReference; fileEncoding = 4; lastKnownFileType = sourcecode.c.h; name = Invite_ViewController.h; path = ViewControllers/Invite_ViewController.h; sourceTree = "<group>"; };
		78BB90141AED25B00037FB00 /* Invite_ViewController.m */ = {isa = PBXFileReference; fileEncoding = 4; lastKnownFileType = sourcecode.c.objc; name = Invite_ViewController.m; path = ViewControllers/Invite_ViewController.m; sourceTree = "<group>"; };
		78D436F31AD81DC800B9D05A /* KKProgressTimer.h */ = {isa = PBXFileReference; fileEncoding = 4; lastKnownFileType = sourcecode.c.h; path = KKProgressTimer.h; sourceTree = "<group>"; };
		78D436F41AD81DC800B9D05A /* KKProgressTimer.m */ = {isa = PBXFileReference; fileEncoding = 4; lastKnownFileType = sourcecode.c.objc; path = KKProgressTimer.m; sourceTree = "<group>"; };
		78DB087C1ADC169100AA60FD /* FormattingHelper.h */ = {isa = PBXFileReference; fileEncoding = 4; lastKnownFileType = sourcecode.c.h; name = FormattingHelper.h; path = Modals/FormattingHelper.h; sourceTree = "<group>"; };
		78DB087D1ADC169100AA60FD /* FormattingHelper.m */ = {isa = PBXFileReference; fileEncoding = 4; lastKnownFileType = sourcecode.c.objc; name = FormattingHelper.m; path = Modals/FormattingHelper.m; sourceTree = "<group>"; };
		78DE090F1ADF25F300E745FB /* MessageUI.framework */ = {isa = PBXFileReference; lastKnownFileType = wrapper.framework; name = MessageUI.framework; path = System/Library/Frameworks/MessageUI.framework; sourceTree = SDKROOT; };
		78E0A38A1ACDD28000FD5CB0 /* Colors_Modal.h */ = {isa = PBXFileReference; fileEncoding = 4; lastKnownFileType = sourcecode.c.h; name = Colors_Modal.h; path = Modals/Colors_Modal.h; sourceTree = "<group>"; };
		78E0A38B1ACDD28000FD5CB0 /* Colors_Modal.m */ = {isa = PBXFileReference; fileEncoding = 4; lastKnownFileType = sourcecode.c.objc; name = Colors_Modal.m; path = Modals/Colors_Modal.m; sourceTree = "<group>"; };
		78E0A38D1ACDD29200FD5CB0 /* DeviceTypeHelper.h */ = {isa = PBXFileReference; fileEncoding = 4; lastKnownFileType = sourcecode.c.h; name = DeviceTypeHelper.h; path = Modals/DeviceTypeHelper.h; sourceTree = "<group>"; };
		78E0A38E1ACDD29200FD5CB0 /* DeviceTypeHelper.m */ = {isa = PBXFileReference; fileEncoding = 4; lastKnownFileType = sourcecode.c.objc; name = DeviceTypeHelper.m; path = Modals/DeviceTypeHelper.m; sourceTree = "<group>"; };
		78E1CE1A1AE4028800CF01A1 /* SignUp_ViewController.h */ = {isa = PBXFileReference; fileEncoding = 4; lastKnownFileType = sourcecode.c.h; name = SignUp_ViewController.h; path = ViewControllers/SignUp_ViewController.h; sourceTree = "<group>"; };
		78E1CE1B1AE4028800CF01A1 /* SignUp_ViewController.m */ = {isa = PBXFileReference; fileEncoding = 4; lastKnownFileType = sourcecode.c.objc; name = SignUp_ViewController.m; path = ViewControllers/SignUp_ViewController.m; sourceTree = "<group>"; };
		78E1CE1D1AE44F2400CF01A1 /* PreLogin_ViewController.h */ = {isa = PBXFileReference; fileEncoding = 4; lastKnownFileType = sourcecode.c.h; name = PreLogin_ViewController.h; path = ViewControllers/PreLogin_ViewController.h; sourceTree = "<group>"; };
		78E1CE1E1AE44F2400CF01A1 /* PreLogin_ViewController.m */ = {isa = PBXFileReference; fileEncoding = 4; lastKnownFileType = sourcecode.c.objc; name = PreLogin_ViewController.m; path = ViewControllers/PreLogin_ViewController.m; sourceTree = "<group>"; };
		78E1CE211AE4572B00CF01A1 /* Login_ViewController.h */ = {isa = PBXFileReference; fileEncoding = 4; lastKnownFileType = sourcecode.c.h; name = Login_ViewController.h; path = ViewControllers/Login_ViewController.h; sourceTree = "<group>"; };
		78E1CE221AE4572B00CF01A1 /* Login_ViewController.m */ = {isa = PBXFileReference; fileEncoding = 4; lastKnownFileType = sourcecode.c.objc; name = Login_ViewController.m; path = ViewControllers/Login_ViewController.m; sourceTree = "<group>"; };
		78EBD9481AF9861E007BFDCD /* AppAPI_Profile_Modal.h */ = {isa = PBXFileReference; fileEncoding = 4; lastKnownFileType = sourcecode.c.h; name = AppAPI_Profile_Modal.h; path = Modals/AppAPI_Profile_Modal.h; sourceTree = "<group>"; };
		78EBD9491AF9861E007BFDCD /* AppAPI_Profile_Modal.m */ = {isa = PBXFileReference; fileEncoding = 4; lastKnownFileType = sourcecode.c.objc; name = AppAPI_Profile_Modal.m; path = Modals/AppAPI_Profile_Modal.m; sourceTree = "<group>"; };
		78F90DAE1AE70B17009A6F79 /* FameApp-Prefix.pch */ = {isa = PBXFileReference; lastKnownFileType = sourcecode.c.h; path = "FameApp-Prefix.pch"; sourceTree = "<group>"; };
		78FFF47C1AF24E6200E8C61D /* README.md */ = {isa = PBXFileReference; fileEncoding = 4; lastKnownFileType = net.daringfireball.markdown; path = README.md; sourceTree = "<group>"; };
		78FFF47D1AF24E6200E8C61D /* ZCSlotMachine.h */ = {isa = PBXFileReference; fileEncoding = 4; lastKnownFileType = sourcecode.c.h; path = ZCSlotMachine.h; sourceTree = "<group>"; };
		78FFF47E1AF24E6200E8C61D /* ZCSlotMachine.m */ = {isa = PBXFileReference; fileEncoding = 4; lastKnownFileType = sourcecode.c.objc; path = ZCSlotMachine.m; sourceTree = "<group>"; };
		78FFF4871AF2C34B00E8C61D /* AppAPI_GeneralInfo_Modal.h */ = {isa = PBXFileReference; fileEncoding = 4; lastKnownFileType = sourcecode.c.h; name = AppAPI_GeneralInfo_Modal.h; path = Modals/AppAPI_GeneralInfo_Modal.h; sourceTree = "<group>"; };
		78FFF4881AF2C34B00E8C61D /* AppAPI_GeneralInfo_Modal.m */ = {isa = PBXFileReference; fileEncoding = 4; lastKnownFileType = sourcecode.c.objc; name = AppAPI_GeneralInfo_Modal.m; path = Modals/AppAPI_GeneralInfo_Modal.m; sourceTree = "<group>"; };
		78FFF48B1AF2D16F00E8C61D /* AppVersionHelper.h */ = {isa = PBXFileReference; fileEncoding = 4; lastKnownFileType = sourcecode.c.h; name = AppVersionHelper.h; path = Modals/AppVersionHelper.h; sourceTree = "<group>"; };
		78FFF48C1AF2D16F00E8C61D /* AppVersionHelper.m */ = {isa = PBXFileReference; fileEncoding = 4; lastKnownFileType = sourcecode.c.objc; name = AppVersionHelper.m; path = Modals/AppVersionHelper.m; sourceTree = "<group>"; };
		78FFF48F1AF2D2AB00E8C61D /* NotificationHelper.h */ = {isa = PBXFileReference; fileEncoding = 4; lastKnownFileType = sourcecode.c.h; name = NotificationHelper.h; path = Modals/NotificationHelper.h; sourceTree = "<group>"; };
		78FFF4901AF2D2AB00E8C61D /* NotificationHelper.m */ = {isa = PBXFileReference; fileEncoding = 4; lastKnownFileType = sourcecode.c.objc; name = NotificationHelper.m; path = Modals/NotificationHelper.m; sourceTree = "<group>"; };
/* End PBXFileReference section */

/* Begin PBXFrameworksBuildPhase section */
		780BFCAE1AC87F7B009E4DC9 /* Frameworks */ = {
			isa = PBXFrameworksBuildPhase;
			buildActionMask = 2147483647;
			files = (
				78DE09101ADF25F300E745FB /* MessageUI.framework in Frameworks */,
				787E01061AD7550F000139E2 /* libsqlite3.dylib in Frameworks */,
				78674CA81AD0026600EE2956 /* CoreMotion.framework in Frameworks */,
				78674CA61AD0025900EE2956 /* ImageIO.framework in Frameworks */,
				78674CA41AD0024900EE2956 /* AVFoundation.framework in Frameworks */,
				51F7256CF5BCCDDE65F0B7A3 /* libPods.a in Frameworks */,
			);
			runOnlyForDeploymentPostprocessing = 0;
		};
		780BFCC71AC87F7B009E4DC9 /* Frameworks */ = {
			isa = PBXFrameworksBuildPhase;
			buildActionMask = 2147483647;
			files = (
			);
			runOnlyForDeploymentPostprocessing = 0;
		};
/* End PBXFrameworksBuildPhase section */

/* Begin PBXGroup section */
		5E0282AF918A061B4386C83C /* Frameworks */ = {
			isa = PBXGroup;
			children = (
				78165D621AFD182A000A910B /* libPods-BlocksKit.a */,
				78DE090F1ADF25F300E745FB /* MessageUI.framework */,
				787E01051AD7550F000139E2 /* libsqlite3.dylib */,
				78674CA71AD0026600EE2956 /* CoreMotion.framework */,
				78674CA51AD0025900EE2956 /* ImageIO.framework */,
				78674CA31AD0024900EE2956 /* AVFoundation.framework */,
				034C8E0CA2AE1154406CE5A5 /* libPods.a */,
			);
			name = Frameworks;
			sourceTree = "<group>";
		};
		7804E4741AD1C9D600A611C2 /* DeviceType Helper */ = {
			isa = PBXGroup;
			children = (
				78E0A38D1ACDD29200FD5CB0 /* DeviceTypeHelper.h */,
				78E0A38E1ACDD29200FD5CB0 /* DeviceTypeHelper.m */,
			);
			name = "DeviceType Helper";
			sourceTree = "<group>";
		};
		7804E4751AD1C9EB00A611C2 /* UI Helper */ = {
			isa = PBXGroup;
			children = (
				7804E4711AD1C94C00A611C2 /* UIHelper.h */,
				7804E4721AD1C94C00A611C2 /* UIHelper.m */,
			);
			name = "UI Helper";
			sourceTree = "<group>";
		};
		7804E4761AD1E7A400A611C2 /* Profile */ = {
			isa = PBXGroup;
			children = (
				785E284F1AD3F06200A8EBEB /* Profile_TableViewController.h */,
				785E28501AD3F06200A8EBEB /* Profile_TableViewController.m */,
			);
			name = Profile;
			sourceTree = "<group>";
		};
		780BFCA81AC87F7B009E4DC9 = {
			isa = PBXGroup;
			children = (
				780BFCB31AC87F7B009E4DC9 /* FameApp */,
				780BFCCD1AC87F7B009E4DC9 /* FameAppTests */,
				780BFCB21AC87F7B009E4DC9 /* Products */,
				863FD918D9CB255FAFE27EAA /* Pods */,
				5E0282AF918A061B4386C83C /* Frameworks */,
			);
			sourceTree = "<group>";
		};
		780BFCB21AC87F7B009E4DC9 /* Products */ = {
			isa = PBXGroup;
			children = (
				780BFCB11AC87F7B009E4DC9 /* FameApp.app */,
				780BFCCA1AC87F7B009E4DC9 /* FameAppTests.xctest */,
			);
			name = Products;
			sourceTree = "<group>";
		};
		780BFCB31AC87F7B009E4DC9 /* FameApp */ = {
			isa = PBXGroup;
			children = (
				78674CA91AD0031B00EE2956 /* nonPods */,
				782B74731AC99F8900E18F7F /* Modals */,
				787C1A8B1ACDD0D80072EF03 /* ViewControllers */,
				780BFCB81AC87F7B009E4DC9 /* AppDelegate.h */,
				780BFCB91AC87F7B009E4DC9 /* AppDelegate.m */,
				780BFCC11AC87F7B009E4DC9 /* Images.xcassets */,
				788110921ACF6C8600F13E47 /* Main.storyboard */,
				780BFCC31AC87F7B009E4DC9 /* LaunchScreen.xib */,
				780BFCB41AC87F7B009E4DC9 /* Supporting Files */,
			);
			path = FameApp;
			sourceTree = "<group>";
		};
		780BFCB41AC87F7B009E4DC9 /* Supporting Files */ = {
			isa = PBXGroup;
			children = (
				7873AB0A1AFB965C00C57ACD /* README.md */,
				780BFCB51AC87F7B009E4DC9 /* Info.plist */,
				780BFCB61AC87F7B009E4DC9 /* main.m */,
				78F90DAE1AE70B17009A6F79 /* FameApp-Prefix.pch */,
			);
			name = "Supporting Files";
			sourceTree = "<group>";
		};
		780BFCCD1AC87F7B009E4DC9 /* FameAppTests */ = {
			isa = PBXGroup;
			children = (
				780BFCD01AC87F7B009E4DC9 /* FameAppTests.m */,
				780BFCCE1AC87F7B009E4DC9 /* Supporting Files */,
			);
			path = FameAppTests;
			sourceTree = "<group>";
		};
		780BFCCE1AC87F7B009E4DC9 /* Supporting Files */ = {
			isa = PBXGroup;
			children = (
				780BFCCF1AC87F7B009E4DC9 /* Info.plist */,
			);
			name = "Supporting Files";
			sourceTree = "<group>";
		};
		78104EAC1B052CA2005F2E27 /* GHWalkThrough */ = {
			isa = PBXGroup;
			children = (
				78104EAD1B052CA2005F2E27 /* GHWalkThroughPageCell.h */,
				78104EAE1B052CA2005F2E27 /* GHWalkThroughPageCell.m */,
				78104EAF1B052CA2005F2E27 /* GHWalkThroughView.h */,
				78104EB01B052CA2005F2E27 /* GHWalkThroughView.m */,
			);
			path = GHWalkThrough;
			sourceTree = "<group>";
		};
		78104EB31B052CD1005F2E27 /* Tutorial */ = {
			isa = PBXGroup;
			children = (
				78104EB41B052D15005F2E27 /* Tutorial_ViewController.h */,
				78104EB51B052D15005F2E27 /* Tutorial_ViewController.m */,
			);
			name = Tutorial;
			sourceTree = "<group>";
		};
		781074CD1ADD377500B02F4A /* Options */ = {
			isa = PBXGroup;
			children = (
				781074CE1ADD37A700B02F4A /* Options_TableViewController.h */,
				781074CF1ADD37A700B02F4A /* Options_TableViewController.m */,
				783AD1191ADDD4C100D7DC1B /* Email */,
				783AD1151ADDCCA700D7DC1B /* Password */,
			);
			name = Options;
			sourceTree = "<group>";
		};
		7812F7861B06524800F34B01 /* MaterialDesign */ = {
			isa = PBXGroup;
			children = (
				7812F7871B06524800F34B01 /* UIView+MaterialDesign.h */,
				7812F7881B06524800F34B01 /* UIView+MaterialDesign.m */,
			);
			path = MaterialDesign;
			sourceTree = "<group>";
		};
		78165D5E1AFD1206000A910B /* Custom Segue Modal */ = {
			isa = PBXGroup;
			children = (
				78165D5F1AFD12A2000A910B /* CustomSegueHelper_Modal.h */,
				78165D601AFD12A2000A910B /* CustomSegueHelper_Modal.m */,
			);
			name = "Custom Segue Modal";
			sourceTree = "<group>";
		};
		782B746F1AC9920B00E18F7F /* Helpers */ = {
			isa = PBXGroup;
			children = (
				787C6DC71AFFB70C0033066A /* URL Helper */,
				78FFF48E1AF2D28F00E8C61D /* Notification Helper */,
				78FFF48A1AF2D13700E8C61D /* AppVersion Helper */,
				787E00FA1AD72A23000139E2 /* Data Storage Helper */,
				787E00F61AD71989000139E2 /* Image Storage Helper */,
				78DB087B1ADC164500AA60FD /* Formatting Helper */,
				785300BC1B03C353000F56E2 /* PlaceholderImage Helper */,
				7804E4751AD1C9EB00A611C2 /* UI Helper */,
				7804E4741AD1C9D600A611C2 /* DeviceType Helper */,
			);
			name = Helpers;
			sourceTree = "<group>";
		};
		782B74731AC99F8900E18F7F /* Modals */ = {
			isa = PBXGroup;
			children = (
				78165D5E1AFD1206000A910B /* Custom Segue Modal */,
				789244DC1AEAAFBA0071445C /* App API Modals */,
				782B74741AC99FA300E18F7F /* Colors Modal */,
				782B746F1AC9920B00E18F7F /* Helpers */,
			);
			name = Modals;
			sourceTree = "<group>";
		};
		782B74741AC99FA300E18F7F /* Colors Modal */ = {
			isa = PBXGroup;
			children = (
				78E0A38A1ACDD28000FD5CB0 /* Colors_Modal.h */,
				78E0A38B1ACDD28000FD5CB0 /* Colors_Modal.m */,
			);
			name = "Colors Modal";
			sourceTree = "<group>";
		};
		783AD1151ADDCCA700D7DC1B /* Password */ = {
			isa = PBXGroup;
			children = (
				783AD1161ADDCCDA00D7DC1B /* Password_ViewController.h */,
				783AD1171ADDCCDA00D7DC1B /* Password_ViewController.m */,
			);
			name = Password;
			sourceTree = "<group>";
		};
		783AD1191ADDD4C100D7DC1B /* Email */ = {
			isa = PBXGroup;
			children = (
				783AD11A1ADDD53200D7DC1B /* Email_ViewController.h */,
				783AD11B1ADDD53200D7DC1B /* Email_ViewController.m */,
			);
			name = Email;
			sourceTree = "<group>";
		};
		784BC55D1AFAB7E1007A847F /* Post Modal */ = {
			isa = PBXGroup;
			children = (
				784BC55E1AFAB84B007A847F /* AppAPI_Post_Modal.h */,
				784BC55F1AFAB84B007A847F /* AppAPI_Post_Modal.m */,
			);
			name = "Post Modal";
			sourceTree = "<group>";
		};
		785300BC1B03C353000F56E2 /* PlaceholderImage Helper */ = {
			isa = PBXGroup;
			children = (
				785300BD1B03C37E000F56E2 /* PlaceholderImageHelper.h */,
				785300BE1B03C37E000F56E2 /* PlaceholderImageHelper.m */,
			);
			name = "PlaceholderImage Helper";
			sourceTree = "<group>";
		};
		786427041AFE105200569EDD /* Channel Modal */ = {
			isa = PBXGroup;
			children = (
				786427051AFE13C300569EDD /* AppAPI_Channel_Modal.h */,
				786427061AFE13C300569EDD /* AppAPI_Channel_Modal.m */,
			);
			name = "Channel Modal";
			sourceTree = "<group>";
		};
		786427081AFE1BA900569EDD /* BiddingAndBonusInfo */ = {
			isa = PBXGroup;
			children = (
				786427091AFE1BEE00569EDD /* BiddingAndBonusInfo.h */,
				7864270A1AFE1BEE00569EDD /* BiddingAndBonusInfo.m */,
			);
			name = BiddingAndBonusInfo;
			sourceTree = "<group>";
		};
		7864270C1AFE632E00569EDD /* Report Modal */ = {
			isa = PBXGroup;
			children = (
				7864270D1AFE635900569EDD /* AppAPI_Report_Modal.h */,
				7864270E1AFE635900569EDD /* AppAPI_Report_Modal.m */,
			);
			name = "Report Modal";
			sourceTree = "<group>";
		};
		786534161AEFE5B500459A57 /* Main */ = {
			isa = PBXGroup;
			children = (
				787C1A901ACDD1D50072EF03 /* Main_ViewController.h */,
				787C1A911ACDD1D50072EF03 /* Main_ViewController.m */,
			);
			name = Main;
			sourceTree = "<group>";
		};
		786534171AF0020A00459A57 /* Post */ = {
			isa = PBXGroup;
			children = (
				786534181AF0024800459A57 /* Post_ViewController.h */,
				786534191AF0024800459A57 /* Post_ViewController.m */,
			);
			name = Post;
			sourceTree = "<group>";
		};
		78674CA91AD0031B00EE2956 /* nonPods */ = {
			isa = PBXGroup;
			children = (
				7812F7861B06524800F34B01 /* MaterialDesign */,
				78104EAC1B052CA2005F2E27 /* GHWalkThrough */,
				786CF1771B01071400E77105 /* DKStack_DKQueue */,
				78A452F81AF693F0008DD84C /* DynamicGraphView */,
				78FFF47B1AF24E6200E8C61D /* ZCSlotMachine */,
				78D436F21AD81DC800B9D05A /* KKProgressTimer */,
				78674CAA1AD0031B00EE2956 /* YCameraView */,
			);
			path = nonPods;
			sourceTree = "<group>";
		};
		78674CAA1AD0031B00EE2956 /* YCameraView */ = {
			isa = PBXGroup;
			children = (
				78674CAB1AD0031B00EE2956 /* LICENSE */,
				78674CAC1AD0031B00EE2956 /* README.md */,
				78674CAD1AD0031B00EE2956 /* YCameraViewController */,
			);
			path = YCameraView;
			sourceTree = "<group>";
		};
		78674CAD1AD0031B00EE2956 /* YCameraViewController */ = {
			isa = PBXGroup;
			children = (
				78674CAE1AD0031B00EE2956 /* UI */,
				781870121AD013C100988275 /* YCameraViewController.xib */,
				78674CC31AD0031B00EE2956 /* YCameraViewController.h */,
				78674CC41AD0031B00EE2956 /* YCameraViewController.m */,
			);
			path = YCameraViewController;
			sourceTree = "<group>";
		};
		78674CAE1AD0031B00EE2956 /* UI */ = {
			isa = PBXGroup;
			children = (
				78674CAF1AD0031B00EE2956 /* flash-auto.png */,
				78674CB01AD0031B00EE2956 /* flash-auto@2x.png */,
				78674CB11AD0031B00EE2956 /* flash-off.png */,
				78674CB21AD0031B00EE2956 /* flash-off@2x.png */,
				78674CB31AD0031B00EE2956 /* flash.png */,
				78674CB41AD0031B00EE2956 /* flash@2x.png */,
				78674CB51AD0031B00EE2956 /* focus-crosshair.png */,
				78674CB61AD0031B00EE2956 /* focus-crosshair@2x.png */,
				78674CB71AD0031B00EE2956 /* front-camera.png */,
				78674CB81AD0031B00EE2956 /* front-camera@2x.png */,
				78674CB91AD0031B00EE2956 /* grid-icon.png */,
				78674CBA1AD0031B00EE2956 /* grid-icon@2x.png */,
				78674CBB1AD0031B00EE2956 /* grid.png */,
				78674CBC1AD0031B00EE2956 /* grid@2x.png */,
				78674CBD1AD0031B00EE2956 /* library.png */,
				78674CBE1AD0031B00EE2956 /* library@2x.png */,
				78674CBF1AD0031B00EE2956 /* micro_carbon.png */,
				78674CC01AD0031B00EE2956 /* micro_carbon@2x.png */,
				78674CC11AD0031B00EE2956 /* take-snap.png */,
				78674CC21AD0031B00EE2956 /* take-snap@2x.png */,
			);
			path = UI;
			sourceTree = "<group>";
		};
		786CF1771B01071400E77105 /* DKStack_DKQueue */ = {
			isa = PBXGroup;
			children = (
				786CF1781B01071400E77105 /* DKQueue.h */,
				786CF1791B01071400E77105 /* DKQueue.m */,
				786CF17A1B01071400E77105 /* DKStack.h */,
				786CF17B1B01071400E77105 /* DKStack.m */,
				786CF17C1B01071400E77105 /* README.md */,
			);
			path = DKStack_DKQueue;
			sourceTree = "<group>";
		};
		7873AB0C1AFB9CB700C57ACD /* Invite Modal */ = {
			isa = PBXGroup;
			children = (
				7873AB0D1AFB9CE600C57ACD /* AppAPI_Invite_Modal.h */,
				7873AB0E1AFB9CE600C57ACD /* AppAPI_Invite_Modal.m */,
			);
			name = "Invite Modal";
			sourceTree = "<group>";
		};
		787C1A8B1ACDD0D80072EF03 /* ViewControllers */ = {
			isa = PBXGroup;
			children = (
				78E1CE191AE4025B00CF01A1 /* Pre Login */,
				786534161AEFE5B500459A57 /* Main */,
				7804E4761AD1E7A400A611C2 /* Profile */,
				781074CD1ADD377500B02F4A /* Options */,
				78BB90121AED25700037FB00 /* Invite */,
				787C1A8C1ACDD0EE0072EF03 /* ContentEdit */,
				786534171AF0020A00459A57 /* Post */,
			);
			name = ViewControllers;
			sourceTree = "<group>";
		};
		787C1A8C1ACDD0EE0072EF03 /* ContentEdit */ = {
			isa = PBXGroup;
			children = (
				787C1A8D1ACDD1A70072EF03 /* ContentEdit_ViewController.h */,
				787C1A8E1ACDD1A70072EF03 /* ContentEdit_ViewController.m */,
			);
			name = ContentEdit;
			sourceTree = "<group>";
		};
		787C6DC71AFFB70C0033066A /* URL Helper */ = {
			isa = PBXGroup;
			children = (
				787C6DC81AFFB72C0033066A /* URLHelper.h */,
				787C6DC91AFFB72C0033066A /* URLHelper.m */,
			);
			name = "URL Helper";
			sourceTree = "<group>";
		};
		787E00F61AD71989000139E2 /* Image Storage Helper */ = {
			isa = PBXGroup;
			children = (
				787E00F71AD719CA000139E2 /* ImageStorageHelper.h */,
				787E00F81AD719CA000139E2 /* ImageStorageHelper.m */,
			);
			name = "Image Storage Helper";
			sourceTree = "<group>";
		};
		787E00FA1AD72A23000139E2 /* Data Storage Helper */ = {
			isa = PBXGroup;
			children = (
				786427081AFE1BA900569EDD /* BiddingAndBonusInfo */,
				7887E7E21ADB35100088109C /* PostHistory */,
				7887E7E11ADB34FE0088109C /* UserInfo */,
				787E00FB1AD72A58000139E2 /* DataStorageHelper.h */,
				787E00FC1AD72A58000139E2 /* DataStorageHelper.m */,
			);
			name = "Data Storage Helper";
			sourceTree = "<group>";
		};
		788640451AF704F0002342AD /* Options Modal */ = {
			isa = PBXGroup;
			children = (
				788640461AF70521002342AD /* AppAPI_Options_Modal.h */,
				788640471AF70521002342AD /* AppAPI_Options_Modal.m */,
			);
			name = "Options Modal";
			sourceTree = "<group>";
		};
		7887E7E11ADB34FE0088109C /* UserInfo */ = {
			isa = PBXGroup;
			children = (
				7887E7D71ADB2BEF0088109C /* UserInfo.h */,
				7887E7DE1ADB34E80088109C /* UserInfo.m */,
			);
			name = UserInfo;
			sourceTree = "<group>";
		};
		7887E7E21ADB35100088109C /* PostHistory */ = {
			isa = PBXGroup;
			children = (
				7887E7DA1ADB340B0088109C /* PostHistory.h */,
				7887E7DD1ADB34E80088109C /* PostHistory.m */,
			);
			name = PostHistory;
			sourceTree = "<group>";
		};
		789244DC1AEAAFBA0071445C /* App API Modals */ = {
			isa = PBXGroup;
			children = (
				78FFF4861AF2C31F00E8C61D /* General Info Modal */,
				78FFF4811AF2A53500E8C61D /* User Modal */,
				786427041AFE105200569EDD /* Channel Modal */,
				7864270C1AFE632E00569EDD /* Report Modal */,
				78EBD9471AF985E7007BFDCD /* Profile Modal */,
				788640451AF704F0002342AD /* Options Modal */,
				7873AB0C1AFB9CB700C57ACD /* Invite Modal */,
				784BC55D1AFAB7E1007A847F /* Post Modal */,
			);
			name = "App API Modals";
			sourceTree = "<group>";
		};
		78A452F81AF693F0008DD84C /* DynamicGraphView */ = {
			isa = PBXGroup;
			children = (
				78A452F91AF693F0008DD84C /* GraphView.h */,
				78A452FA1AF693F0008DD84C /* GraphView.m */,
				78A452FB1AF693F0008DD84C /* LICENSE.md */,
			);
			path = DynamicGraphView;
			sourceTree = "<group>";
		};
		78BB90121AED25700037FB00 /* Invite */ = {
			isa = PBXGroup;
			children = (
				78BB90131AED25B00037FB00 /* Invite_ViewController.h */,
				78BB90141AED25B00037FB00 /* Invite_ViewController.m */,
			);
			name = Invite;
			sourceTree = "<group>";
		};
		78D436F21AD81DC800B9D05A /* KKProgressTimer */ = {
			isa = PBXGroup;
			children = (
				78D436F31AD81DC800B9D05A /* KKProgressTimer.h */,
				78D436F41AD81DC800B9D05A /* KKProgressTimer.m */,
			);
			path = KKProgressTimer;
			sourceTree = "<group>";
		};
		78DB087B1ADC164500AA60FD /* Formatting Helper */ = {
			isa = PBXGroup;
			children = (
				78DB087C1ADC169100AA60FD /* FormattingHelper.h */,
				78DB087D1ADC169100AA60FD /* FormattingHelper.m */,
			);
			name = "Formatting Helper";
			sourceTree = "<group>";
		};
		78E1CE181AE4025200CF01A1 /* Sign Up */ = {
			isa = PBXGroup;
			children = (
				78E1CE1A1AE4028800CF01A1 /* SignUp_ViewController.h */,
				78E1CE1B1AE4028800CF01A1 /* SignUp_ViewController.m */,
				78104EB31B052CD1005F2E27 /* Tutorial */,
			);
			name = "Sign Up";
			sourceTree = "<group>";
		};
		78E1CE191AE4025B00CF01A1 /* Pre Login */ = {
			isa = PBXGroup;
			children = (
				78E1CE1D1AE44F2400CF01A1 /* PreLogin_ViewController.h */,
				78E1CE1E1AE44F2400CF01A1 /* PreLogin_ViewController.m */,
				78E1CE181AE4025200CF01A1 /* Sign Up */,
				78E1CE201AE4570C00CF01A1 /* Log In */,
			);
			name = "Pre Login";
			sourceTree = "<group>";
		};
		78E1CE201AE4570C00CF01A1 /* Log In */ = {
			isa = PBXGroup;
			children = (
				78E1CE211AE4572B00CF01A1 /* Login_ViewController.h */,
				78E1CE221AE4572B00CF01A1 /* Login_ViewController.m */,
			);
			name = "Log In";
			sourceTree = "<group>";
		};
		78EBD9471AF985E7007BFDCD /* Profile Modal */ = {
			isa = PBXGroup;
			children = (
				78EBD9481AF9861E007BFDCD /* AppAPI_Profile_Modal.h */,
				78EBD9491AF9861E007BFDCD /* AppAPI_Profile_Modal.m */,
			);
			name = "Profile Modal";
			sourceTree = "<group>";
		};
		78FFF47B1AF24E6200E8C61D /* ZCSlotMachine */ = {
			isa = PBXGroup;
			children = (
				78FFF47C1AF24E6200E8C61D /* README.md */,
				78FFF47D1AF24E6200E8C61D /* ZCSlotMachine.h */,
				78FFF47E1AF24E6200E8C61D /* ZCSlotMachine.m */,
			);
			path = ZCSlotMachine;
			sourceTree = "<group>";
		};
		78FFF4811AF2A53500E8C61D /* User Modal */ = {
			isa = PBXGroup;
			children = (
				789244DD1AEAB02D0071445C /* AppAPI_User_Modal.h */,
				789244DE1AEAB02D0071445C /* AppAPI_User_Modal.m */,
			);
			name = "User Modal";
			sourceTree = "<group>";
		};
		78FFF4861AF2C31F00E8C61D /* General Info Modal */ = {
			isa = PBXGroup;
			children = (
				78FFF4871AF2C34B00E8C61D /* AppAPI_GeneralInfo_Modal.h */,
				78FFF4881AF2C34B00E8C61D /* AppAPI_GeneralInfo_Modal.m */,
			);
			name = "General Info Modal";
			sourceTree = "<group>";
		};
		78FFF48A1AF2D13700E8C61D /* AppVersion Helper */ = {
			isa = PBXGroup;
			children = (
				78FFF48B1AF2D16F00E8C61D /* AppVersionHelper.h */,
				78FFF48C1AF2D16F00E8C61D /* AppVersionHelper.m */,
			);
			name = "AppVersion Helper";
			sourceTree = "<group>";
		};
		78FFF48E1AF2D28F00E8C61D /* Notification Helper */ = {
			isa = PBXGroup;
			children = (
				78FFF48F1AF2D2AB00E8C61D /* NotificationHelper.h */,
				78FFF4901AF2D2AB00E8C61D /* NotificationHelper.m */,
			);
			name = "Notification Helper";
			sourceTree = "<group>";
		};
		863FD918D9CB255FAFE27EAA /* Pods */ = {
			isa = PBXGroup;
			children = (
				2BCEA0813C2A4FE1825DD21B /* Pods.debug.xcconfig */,
				0E78F39EFD7A5D22762E6493 /* Pods.release.xcconfig */,
			);
			name = Pods;
			sourceTree = "<group>";
		};
/* End PBXGroup section */

/* Begin PBXNativeTarget section */
		780BFCB01AC87F7B009E4DC9 /* FameApp */ = {
			isa = PBXNativeTarget;
			buildConfigurationList = 780BFCD41AC87F7B009E4DC9 /* Build configuration list for PBXNativeTarget "FameApp" */;
			buildPhases = (
				CCF4C113DFC778EFB316131A /* Check Pods Manifest.lock */,
				780BFCAD1AC87F7B009E4DC9 /* Sources */,
				780BFCAE1AC87F7B009E4DC9 /* Frameworks */,
				780BFCAF1AC87F7B009E4DC9 /* Resources */,
				91B2A8AD56E5AE924C9DBAD7 /* Copy Pods Resources */,
			);
			buildRules = (
			);
			dependencies = (
			);
			name = FameApp;
			productName = FameApp;
			productReference = 780BFCB11AC87F7B009E4DC9 /* FameApp.app */;
			productType = "com.apple.product-type.application";
		};
		780BFCC91AC87F7B009E4DC9 /* FameAppTests */ = {
			isa = PBXNativeTarget;
			buildConfigurationList = 780BFCD71AC87F7B009E4DC9 /* Build configuration list for PBXNativeTarget "FameAppTests" */;
			buildPhases = (
				780BFCC61AC87F7B009E4DC9 /* Sources */,
				780BFCC71AC87F7B009E4DC9 /* Frameworks */,
				780BFCC81AC87F7B009E4DC9 /* Resources */,
			);
			buildRules = (
			);
			dependencies = (
				780BFCCC1AC87F7B009E4DC9 /* PBXTargetDependency */,
			);
			name = FameAppTests;
			productName = FameAppTests;
			productReference = 780BFCCA1AC87F7B009E4DC9 /* FameAppTests.xctest */;
			productType = "com.apple.product-type.bundle.unit-test";
		};
/* End PBXNativeTarget section */

/* Begin PBXProject section */
		780BFCA91AC87F7B009E4DC9 /* Project object */ = {
			isa = PBXProject;
			attributes = {
				LastUpgradeCheck = 0620;
				ORGANIZATIONNAME = FameApp;
				TargetAttributes = {
					780BFCB01AC87F7B009E4DC9 = {
						CreatedOnToolsVersion = 6.2;
						DevelopmentTeam = 8FZCCL95R3;
					};
					780BFCC91AC87F7B009E4DC9 = {
						CreatedOnToolsVersion = 6.2;
						TestTargetID = 780BFCB01AC87F7B009E4DC9;
					};
				};
			};
			buildConfigurationList = 780BFCAC1AC87F7B009E4DC9 /* Build configuration list for PBXProject "FameApp" */;
			compatibilityVersion = "Xcode 3.2";
			developmentRegion = English;
			hasScannedForEncodings = 0;
			knownRegions = (
				en,
				Base,
			);
			mainGroup = 780BFCA81AC87F7B009E4DC9;
			productRefGroup = 780BFCB21AC87F7B009E4DC9 /* Products */;
			projectDirPath = "";
			projectRoot = "";
			targets = (
				780BFCB01AC87F7B009E4DC9 /* FameApp */,
				780BFCC91AC87F7B009E4DC9 /* FameAppTests */,
			);
		};
/* End PBXProject section */

/* Begin PBXResourcesBuildPhase section */
		780BFCAF1AC87F7B009E4DC9 /* Resources */ = {
			isa = PBXResourcesBuildPhase;
			buildActionMask = 2147483647;
			files = (
				788110941ACF6C8600F13E47 /* Main.storyboard in Resources */,
				78674CDB1AD0031B00EE2956 /* take-snap@2x.png in Resources */,
				78674CCA1AD0031B00EE2956 /* flash-off.png in Resources */,
				78674CCF1AD0031B00EE2956 /* focus-crosshair@2x.png in Resources */,
				781870131AD013C100988275 /* YCameraViewController.xib in Resources */,
				780BFCC51AC87F7B009E4DC9 /* LaunchScreen.xib in Resources */,
				78674CD81AD0031B00EE2956 /* micro_carbon.png in Resources */,
				78674CD71AD0031B00EE2956 /* library@2x.png in Resources */,
				78674CCC1AD0031B00EE2956 /* flash.png in Resources */,
				78674CCB1AD0031B00EE2956 /* flash-off@2x.png in Resources */,
				78674CDA1AD0031B00EE2956 /* take-snap.png in Resources */,
				78674CC91AD0031B00EE2956 /* flash-auto@2x.png in Resources */,
				78674CCD1AD0031B00EE2956 /* flash@2x.png in Resources */,
				78674CD41AD0031B00EE2956 /* grid.png in Resources */,
				78674CD31AD0031B00EE2956 /* grid-icon@2x.png in Resources */,
				78674CD11AD0031B00EE2956 /* front-camera@2x.png in Resources */,
				78674CD51AD0031B00EE2956 /* grid@2x.png in Resources */,
				78674CD21AD0031B00EE2956 /* grid-icon.png in Resources */,
				780BFCC21AC87F7B009E4DC9 /* Images.xcassets in Resources */,
				78674CCE1AD0031B00EE2956 /* focus-crosshair.png in Resources */,
				78674CD61AD0031B00EE2956 /* library.png in Resources */,
				78674CC81AD0031B00EE2956 /* flash-auto.png in Resources */,
				78674CD91AD0031B00EE2956 /* micro_carbon@2x.png in Resources */,
				78674CD01AD0031B00EE2956 /* front-camera.png in Resources */,
			);
			runOnlyForDeploymentPostprocessing = 0;
		};
		780BFCC81AC87F7B009E4DC9 /* Resources */ = {
			isa = PBXResourcesBuildPhase;
			buildActionMask = 2147483647;
			files = (
			);
			runOnlyForDeploymentPostprocessing = 0;
		};
/* End PBXResourcesBuildPhase section */

/* Begin PBXShellScriptBuildPhase section */
		91B2A8AD56E5AE924C9DBAD7 /* Copy Pods Resources */ = {
			isa = PBXShellScriptBuildPhase;
			buildActionMask = 2147483647;
			files = (
			);
			inputPaths = (
			);
			name = "Copy Pods Resources";
			outputPaths = (
			);
			runOnlyForDeploymentPostprocessing = 0;
			shellPath = /bin/sh;
			shellScript = "\"${SRCROOT}/Pods/Target Support Files/Pods/Pods-resources.sh\"\n";
			showEnvVarsInLog = 0;
		};
		CCF4C113DFC778EFB316131A /* Check Pods Manifest.lock */ = {
			isa = PBXShellScriptBuildPhase;
			buildActionMask = 2147483647;
			files = (
			);
			inputPaths = (
			);
			name = "Check Pods Manifest.lock";
			outputPaths = (
			);
			runOnlyForDeploymentPostprocessing = 0;
			shellPath = /bin/sh;
			shellScript = "diff \"${PODS_ROOT}/../Podfile.lock\" \"${PODS_ROOT}/Manifest.lock\" > /dev/null\nif [[ $? != 0 ]] ; then\n    cat << EOM\nerror: The sandbox is not in sync with the Podfile.lock. Run 'pod install' or update your CocoaPods installation.\nEOM\n    exit 1\nfi\n";
			showEnvVarsInLog = 0;
		};
/* End PBXShellScriptBuildPhase section */

/* Begin PBXSourcesBuildPhase section */
		780BFCAD1AC87F7B009E4DC9 /* Sources */ = {
			isa = PBXSourcesBuildPhase;
			buildActionMask = 2147483647;
			files = (
				783AD1181ADDCCDA00D7DC1B /* Password_ViewController.m in Sources */,
				7865341A1AF0024800459A57 /* Post_ViewController.m in Sources */,
				783AD11C1ADDD53200D7DC1B /* Email_ViewController.m in Sources */,
				78E1CE1F1AE44F2400CF01A1 /* PreLogin_ViewController.m in Sources */,
				7873AB0F1AFB9CE600C57ACD /* AppAPI_Invite_Modal.m in Sources */,
				78FFF4891AF2C34B00E8C61D /* AppAPI_GeneralInfo_Modal.m in Sources */,
				78D436F51AD81DC800B9D05A /* KKProgressTimer.m in Sources */,
				787C1A921ACDD1D50072EF03 /* Main_ViewController.m in Sources */,
				78E0A38C1ACDD28000FD5CB0 /* Colors_Modal.m in Sources */,
				78EBD94A1AF9861E007BFDCD /* AppAPI_Profile_Modal.m in Sources */,
				787E00FD1AD72A58000139E2 /* DataStorageHelper.m in Sources */,
				787C6DCA1AFFB72C0033066A /* URLHelper.m in Sources */,
				787C1A8F1ACDD1A70072EF03 /* ContentEdit_ViewController.m in Sources */,
				7804E4731AD1C94C00A611C2 /* UIHelper.m in Sources */,
				786427071AFE13C300569EDD /* AppAPI_Channel_Modal.m in Sources */,
				7887E7E01ADB34E80088109C /* UserInfo.m in Sources */,
				78FFF48D1AF2D16F00E8C61D /* AppVersionHelper.m in Sources */,
				786CF17E1B01071400E77105 /* DKStack.m in Sources */,
				789244DF1AEAB02D0071445C /* AppAPI_User_Modal.m in Sources */,
				78E1CE231AE4572B00CF01A1 /* Login_ViewController.m in Sources */,
				78DB087E1ADC169100AA60FD /* FormattingHelper.m in Sources */,
				78674CDC1AD0031B00EE2956 /* YCameraViewController.m in Sources */,
				7887E7DF1ADB34E80088109C /* PostHistory.m in Sources */,
				78FFF4801AF24E6200E8C61D /* ZCSlotMachine.m in Sources */,
				788640481AF70521002342AD /* AppAPI_Options_Modal.m in Sources */,
				78BB90151AED25B00037FB00 /* Invite_ViewController.m in Sources */,
				7864270F1AFE635900569EDD /* AppAPI_Report_Modal.m in Sources */,
				781074D01ADD37A700B02F4A /* Options_TableViewController.m in Sources */,
				78A452FC1AF693F0008DD84C /* GraphView.m in Sources */,
				785E28511AD3F06200A8EBEB /* Profile_TableViewController.m in Sources */,
				78104EB11B052CA2005F2E27 /* GHWalkThroughPageCell.m in Sources */,
				78104EB61B052D15005F2E27 /* Tutorial_ViewController.m in Sources */,
				780BFCBA1AC87F7B009E4DC9 /* AppDelegate.m in Sources */,
				784BC5601AFAB84B007A847F /* AppAPI_Post_Modal.m in Sources */,
				787E00F91AD719CA000139E2 /* ImageStorageHelper.m in Sources */,
				780BFCB71AC87F7B009E4DC9 /* main.m in Sources */,
				78165D611AFD12A2000A910B /* CustomSegueHelper_Modal.m in Sources */,
				78FFF4911AF2D2AB00E8C61D /* NotificationHelper.m in Sources */,
				78104EB21B052CA2005F2E27 /* GHWalkThroughView.m in Sources */,
				785300BF1B03C37E000F56E2 /* PlaceholderImageHelper.m in Sources */,
				78E0A38F1ACDD29200FD5CB0 /* DeviceTypeHelper.m in Sources */,
				786CF17D1B01071400E77105 /* DKQueue.m in Sources */,
				78E1CE1C1AE4028800CF01A1 /* SignUp_ViewController.m in Sources */,
				7864270B1AFE1BEE00569EDD /* BiddingAndBonusInfo.m in Sources */,
				7812F7891B06524800F34B01 /* UIView+MaterialDesign.m in Sources */,
			);
			runOnlyForDeploymentPostprocessing = 0;
		};
		780BFCC61AC87F7B009E4DC9 /* Sources */ = {
			isa = PBXSourcesBuildPhase;
			buildActionMask = 2147483647;
			files = (
				780BFCD11AC87F7B009E4DC9 /* FameAppTests.m in Sources */,
			);
			runOnlyForDeploymentPostprocessing = 0;
		};
/* End PBXSourcesBuildPhase section */

/* Begin PBXTargetDependency section */
		780BFCCC1AC87F7B009E4DC9 /* PBXTargetDependency */ = {
			isa = PBXTargetDependency;
			target = 780BFCB01AC87F7B009E4DC9 /* FameApp */;
			targetProxy = 780BFCCB1AC87F7B009E4DC9 /* PBXContainerItemProxy */;
		};
/* End PBXTargetDependency section */

/* Begin PBXVariantGroup section */
		780BFCC31AC87F7B009E4DC9 /* LaunchScreen.xib */ = {
			isa = PBXVariantGroup;
			children = (
				780BFCC41AC87F7B009E4DC9 /* Base */,
			);
			name = LaunchScreen.xib;
			sourceTree = "<group>";
		};
		788110921ACF6C8600F13E47 /* Main.storyboard */ = {
			isa = PBXVariantGroup;
			children = (
				788110931ACF6C8600F13E47 /* Base */,
			);
			name = Main.storyboard;
			sourceTree = "<group>";
		};
/* End PBXVariantGroup section */

/* Begin XCBuildConfiguration section */
		780BFCD21AC87F7B009E4DC9 /* Debug */ = {
			isa = XCBuildConfiguration;
			buildSettings = {
				ALWAYS_SEARCH_USER_PATHS = NO;
				CLANG_CXX_LANGUAGE_STANDARD = "gnu++0x";
				CLANG_CXX_LIBRARY = "libc++";
				CLANG_ENABLE_MODULES = YES;
				CLANG_ENABLE_OBJC_ARC = YES;
				CLANG_WARN_BOOL_CONVERSION = YES;
				CLANG_WARN_CONSTANT_CONVERSION = YES;
				CLANG_WARN_DIRECT_OBJC_ISA_USAGE = YES_ERROR;
				CLANG_WARN_EMPTY_BODY = YES;
				CLANG_WARN_ENUM_CONVERSION = YES;
				CLANG_WARN_INT_CONVERSION = YES;
				CLANG_WARN_OBJC_ROOT_CLASS = YES_ERROR;
				CLANG_WARN_UNREACHABLE_CODE = YES;
				CLANG_WARN__DUPLICATE_METHOD_MATCH = YES;
				CODE_SIGN_IDENTITY = "iPhone Developer";
				"CODE_SIGN_IDENTITY[sdk=iphoneos*]" = "iPhone Developer";
				COPY_PHASE_STRIP = NO;
				ENABLE_STRICT_OBJC_MSGSEND = YES;
				GCC_C_LANGUAGE_STANDARD = gnu99;
				GCC_DYNAMIC_NO_PIC = NO;
				GCC_OPTIMIZATION_LEVEL = 0;
				GCC_PREPROCESSOR_DEFINITIONS = (
					"DEBUG=1",
					"$(inherited)",
				);
				GCC_SYMBOLS_PRIVATE_EXTERN = NO;
				GCC_WARN_64_TO_32_BIT_CONVERSION = YES;
				GCC_WARN_ABOUT_RETURN_TYPE = YES_ERROR;
				GCC_WARN_UNDECLARED_SELECTOR = YES;
				GCC_WARN_UNINITIALIZED_AUTOS = YES_AGGRESSIVE;
				GCC_WARN_UNUSED_FUNCTION = YES;
				GCC_WARN_UNUSED_VARIABLE = YES;
				IPHONEOS_DEPLOYMENT_TARGET = 8.2;
				MTL_ENABLE_DEBUG_INFO = YES;
				ONLY_ACTIVE_ARCH = YES;
				PROVISIONING_PROFILE = "";
				SDKROOT = iphoneos;
				STRIP_STYLE = all;
				TARGETED_DEVICE_FAMILY = "1,2";
			};
			name = Debug;
		};
		780BFCD31AC87F7B009E4DC9 /* Release */ = {
			isa = XCBuildConfiguration;
			buildSettings = {
				ALWAYS_SEARCH_USER_PATHS = NO;
				CLANG_CXX_LANGUAGE_STANDARD = "gnu++0x";
				CLANG_CXX_LIBRARY = "libc++";
				CLANG_ENABLE_MODULES = YES;
				CLANG_ENABLE_OBJC_ARC = YES;
				CLANG_WARN_BOOL_CONVERSION = YES;
				CLANG_WARN_CONSTANT_CONVERSION = YES;
				CLANG_WARN_DIRECT_OBJC_ISA_USAGE = YES_ERROR;
				CLANG_WARN_EMPTY_BODY = YES;
				CLANG_WARN_ENUM_CONVERSION = YES;
				CLANG_WARN_INT_CONVERSION = YES;
				CLANG_WARN_OBJC_ROOT_CLASS = YES_ERROR;
				CLANG_WARN_UNREACHABLE_CODE = YES;
				CLANG_WARN__DUPLICATE_METHOD_MATCH = YES;
				CODE_SIGN_IDENTITY = "iPhone Developer";
				"CODE_SIGN_IDENTITY[sdk=iphoneos*]" = "iPhone Developer";
				COPY_PHASE_STRIP = NO;
				ENABLE_NS_ASSERTIONS = NO;
				ENABLE_STRICT_OBJC_MSGSEND = YES;
				GCC_C_LANGUAGE_STANDARD = gnu99;
				GCC_WARN_64_TO_32_BIT_CONVERSION = YES;
				GCC_WARN_ABOUT_RETURN_TYPE = YES_ERROR;
				GCC_WARN_UNDECLARED_SELECTOR = YES;
				GCC_WARN_UNINITIALIZED_AUTOS = YES_AGGRESSIVE;
				GCC_WARN_UNUSED_FUNCTION = YES;
				GCC_WARN_UNUSED_VARIABLE = YES;
				IPHONEOS_DEPLOYMENT_TARGET = 8.2;
				MTL_ENABLE_DEBUG_INFO = NO;
				ONLY_ACTIVE_ARCH = YES;
				PROVISIONING_PROFILE = "";
				SDKROOT = iphoneos;
				STRIP_STYLE = all;
				TARGETED_DEVICE_FAMILY = "1,2";
				VALIDATE_PRODUCT = YES;
			};
			name = Release;
		};
		780BFCD51AC87F7B009E4DC9 /* Debug */ = {
			isa = XCBuildConfiguration;
			baseConfigurationReference = 2BCEA0813C2A4FE1825DD21B /* Pods.debug.xcconfig */;
			buildSettings = {
				ASSETCATALOG_COMPILER_APPICON_NAME = AppIcon;
				ASSETCATALOG_COMPILER_LAUNCHIMAGE_NAME = LaunchImage;
				CODE_SIGN_IDENTITY = "iPhone Developer";
				"CODE_SIGN_IDENTITY[sdk=iphoneos*]" = "iPhone Developer";
				GCC_PRECOMPILE_PREFIX_HEADER = YES;
				GCC_PREFIX_HEADER = "FameApp/FameApp-Prefix.pch";
				INFOPLIST_FILE = FameApp/Info.plist;
				IPHONEOS_DEPLOYMENT_TARGET = 7.1;
				LD_RUNPATH_SEARCH_PATHS = "$(inherited) @executable_path/Frameworks";
				LIBRARY_SEARCH_PATHS = (
					"$(inherited)",
					"$(PROJECT_DIR)/build/Debug-iphoneos",
				);
				PRODUCT_NAME = "$(TARGET_NAME)";
				PROVISIONING_PROFILE = "";
				STRIP_STYLE = all;
				TARGETED_DEVICE_FAMILY = 1;
			};
			name = Debug;
		};
		780BFCD61AC87F7B009E4DC9 /* Release */ = {
			isa = XCBuildConfiguration;
			baseConfigurationReference = 0E78F39EFD7A5D22762E6493 /* Pods.release.xcconfig */;
			buildSettings = {
				ASSETCATALOG_COMPILER_APPICON_NAME = AppIcon;
				ASSETCATALOG_COMPILER_LAUNCHIMAGE_NAME = LaunchImage;
				CODE_SIGN_IDENTITY = "iPhone Developer";
				"CODE_SIGN_IDENTITY[sdk=iphoneos*]" = "iPhone Developer";
				GCC_PRECOMPILE_PREFIX_HEADER = YES;
				GCC_PREFIX_HEADER = "FameApp/FameApp-Prefix.pch";
				INFOPLIST_FILE = FameApp/Info.plist;
				IPHONEOS_DEPLOYMENT_TARGET = 7.1;
				LD_RUNPATH_SEARCH_PATHS = "$(inherited) @executable_path/Frameworks";
				LIBRARY_SEARCH_PATHS = (
					"$(inherited)",
					"$(PROJECT_DIR)/build/Debug-iphoneos",
				);
				ONLY_ACTIVE_ARCH = YES;
				PRODUCT_NAME = "$(TARGET_NAME)";
				PROVISIONING_PROFILE = "";
				STRIP_STYLE = all;
				TARGETED_DEVICE_FAMILY = 1;
			};
			name = Release;
		};
		780BFCD81AC87F7B009E4DC9 /* Debug */ = {
			isa = XCBuildConfiguration;
			buildSettings = {
				BUNDLE_LOADER = "$(TEST_HOST)";
				FRAMEWORK_SEARCH_PATHS = (
					"$(SDKROOT)/Developer/Library/Frameworks",
					"$(inherited)",
				);
				GCC_PREPROCESSOR_DEFINITIONS = (
					"DEBUG=1",
					"$(inherited)",
				);
				INFOPLIST_FILE = FameAppTests/Info.plist;
				LD_RUNPATH_SEARCH_PATHS = "$(inherited) @executable_path/Frameworks @loader_path/Frameworks";
				PRODUCT_NAME = "$(TARGET_NAME)";
				TEST_HOST = "$(BUILT_PRODUCTS_DIR)/FameApp.app/FameApp";
			};
			name = Debug;
		};
		780BFCD91AC87F7B009E4DC9 /* Release */ = {
			isa = XCBuildConfiguration;
			buildSettings = {
				BUNDLE_LOADER = "$(TEST_HOST)";
				FRAMEWORK_SEARCH_PATHS = (
					"$(SDKROOT)/Developer/Library/Frameworks",
					"$(inherited)",
				);
				INFOPLIST_FILE = FameAppTests/Info.plist;
				LD_RUNPATH_SEARCH_PATHS = "$(inherited) @executable_path/Frameworks @loader_path/Frameworks";
				PRODUCT_NAME = "$(TARGET_NAME)";
				TEST_HOST = "$(BUILT_PRODUCTS_DIR)/FameApp.app/FameApp";
			};
			name = Release;
		};
/* End XCBuildConfiguration section */

/* Begin XCConfigurationList section */
		780BFCAC1AC87F7B009E4DC9 /* Build configuration list for PBXProject "FameApp" */ = {
			isa = XCConfigurationList;
			buildConfigurations = (
				780BFCD21AC87F7B009E4DC9 /* Debug */,
				780BFCD31AC87F7B009E4DC9 /* Release */,
			);
			defaultConfigurationIsVisible = 0;
			defaultConfigurationName = Release;
		};
		780BFCD41AC87F7B009E4DC9 /* Build configuration list for PBXNativeTarget "FameApp" */ = {
			isa = XCConfigurationList;
			buildConfigurations = (
				780BFCD51AC87F7B009E4DC9 /* Debug */,
				780BFCD61AC87F7B009E4DC9 /* Release */,
			);
			defaultConfigurationIsVisible = 0;
			defaultConfigurationName = Release;
		};
		780BFCD71AC87F7B009E4DC9 /* Build configuration list for PBXNativeTarget "FameAppTests" */ = {
			isa = XCConfigurationList;
			buildConfigurations = (
				780BFCD81AC87F7B009E4DC9 /* Debug */,
				780BFCD91AC87F7B009E4DC9 /* Release */,
			);
			defaultConfigurationIsVisible = 0;
			defaultConfigurationName = Release;
		};
/* End XCConfigurationList section */
	};
	rootObject = 780BFCA91AC87F7B009E4DC9 /* Project object */;
}
